// !$*UTF8*$!
{
	archiveVersion = 1;
	classes = {
	};
	objectVersion = 46;
	objects = {

/* Begin PBXBuildFile section */
		1D3623260D0F684500981E51 /* iInteractAppDelegate.m in Sources */ = {isa = PBXBuildFile; fileRef = 1D3623250D0F684500981E51 /* iInteractAppDelegate.m */; };
		1D60589B0D05DD56006BFB54 /* main.m in Sources */ = {isa = PBXBuildFile; fileRef = 29B97316FDCFA39411CA2CEA /* main.m */; };
		1D60589F0D05DD5A006BFB54 /* Foundation.framework in Frameworks */ = {isa = PBXBuildFile; fileRef = 1D30AB110D05D00D00671497 /* Foundation.framework */; };
		1DF5F4E00D08C38300B7A737 /* UIKit.framework in Frameworks */ = {isa = PBXBuildFile; fileRef = 1DF5F4DF0D08C38300B7A737 /* UIKit.framework */; };
		2892E4100DC94CBA00A64D0F /* CoreGraphics.framework in Frameworks */ = {isa = PBXBuildFile; fileRef = 2892E40F0DC94CBA00A64D0F /* CoreGraphics.framework */; };
		28AD73600D9D9599002E5188 /* MainWindow.xib in Resources */ = {isa = PBXBuildFile; fileRef = 28AD735F0D9D9599002E5188 /* MainWindow.xib */; };
		28C286E10D94DF7D0034E888 /* RootViewController.m in Sources */ = {isa = PBXBuildFile; fileRef = 28C286E00D94DF7D0034E888 /* RootViewController.m */; };
		28F335F11007B36200424DE2 /* RootViewController.xib in Resources */ = {isa = PBXBuildFile; fileRef = 28F335F01007B36200424DE2 /* RootViewController.xib */; };
		6D828C9E1BE4302F006DE136 /* Default-568h@2x.png in Resources */ = {isa = PBXBuildFile; fileRef = 6D828C9D1BE4302F006DE136 /* Default-568h@2x.png */; };
		9E0E665D11694F0A003A650C /* boy_soda.mp3 in Resources */ = {isa = PBXBuildFile; fileRef = 9E0E665C11694F0A003A650C /* boy_soda.mp3 */; };
		9E0E666011694F33003A650C /* girl_chips.mp3 in Resources */ = {isa = PBXBuildFile; fileRef = 9E0E665F11694F33003A650C /* girl_chips.mp3 */; };
		9E13273E11695C1A00732629 /* girl_book.mp3 in Resources */ = {isa = PBXBuildFile; fileRef = 9E13273D11695C1A00732629 /* girl_book.mp3 */; };
		9E5A73FF11643EC9002C49CC /* BoyGirlViewController.m in Sources */ = {isa = PBXBuildFile; fileRef = 9E5A73FE11643EC9002C49CC /* BoyGirlViewController.m */; };
		9E6356101160392A003ECFC3 /* girl_angry.mp3 in Resources */ = {isa = PBXBuildFile; fileRef = 9E6356041160392A003ECFC3 /* girl_angry.mp3 */; };
		9E6356121160392A003ECFC3 /* girl_break.mp3 in Resources */ = {isa = PBXBuildFile; fileRef = 9E6356061160392A003ECFC3 /* girl_break.mp3 */; };
		9E6356131160392A003ECFC3 /* girl_breakfast.mp3 in Resources */ = {isa = PBXBuildFile; fileRef = 9E6356071160392A003ECFC3 /* girl_breakfast.mp3 */; };
		9E6356151160392A003ECFC3 /* girl_computer.mp3 in Resources */ = {isa = PBXBuildFile; fileRef = 9E6356091160392A003ECFC3 /* girl_computer.mp3 */; };
		9E6356161160392A003ECFC3 /* girl_cookie.mp3 in Resources */ = {isa = PBXBuildFile; fileRef = 9E63560A1160392A003ECFC3 /* girl_cookie.mp3 */; };
		9E6356171160392A003ECFC3 /* girl_cut.mp3 in Resources */ = {isa = PBXBuildFile; fileRef = 9E63560B1160392A003ECFC3 /* girl_cut.mp3 */; };
		9E6356181160392A003ECFC3 /* girl_dessert.mp3 in Resources */ = {isa = PBXBuildFile; fileRef = 9E63560C1160392A003ECFC3 /* girl_dessert.mp3 */; };
		9E6356191160392A003ECFC3 /* girl_dinner.mp3 in Resources */ = {isa = PBXBuildFile; fileRef = 9E63560D1160392A003ECFC3 /* girl_dinner.mp3 */; };
		9E63561A1160392A003ECFC3 /* girl_drink.mp3 in Resources */ = {isa = PBXBuildFile; fileRef = 9E63560E1160392A003ECFC3 /* girl_drink.mp3 */; };
		9E63561B1160392A003ECFC3 /* girl_eat.mp3 in Resources */ = {isa = PBXBuildFile; fileRef = 9E63560F1160392A003ECFC3 /* girl_eat.mp3 */; };
		9E63561E11603940003ECFC3 /* girl_fruit.mp3 in Resources */ = {isa = PBXBuildFile; fileRef = 9E63561C11603940003ECFC3 /* girl_fruit.mp3 */; };
		9E63561F11603940003ECFC3 /* girl_sad.mp3 in Resources */ = {isa = PBXBuildFile; fileRef = 9E63561D11603940003ECFC3 /* girl_sad.mp3 */; };
		9E635624116039B4003ECFC3 /* girl_headache.mp3 in Resources */ = {isa = PBXBuildFile; fileRef = 9E635623116039B4003ECFC3 /* girl_headache.mp3 */; };
		9E635626116039CE003ECFC3 /* girl_stomach.mp3 in Resources */ = {isa = PBXBuildFile; fileRef = 9E635625116039CE003ECFC3 /* girl_stomach.mp3 */; };
		9E635629116039E2003ECFC3 /* girl_tv.mp3 in Resources */ = {isa = PBXBuildFile; fileRef = 9E635628116039E2003ECFC3 /* girl_tv.mp3 */; };
		9E63562B116039F9003ECFC3 /* girl_play.mp3 in Resources */ = {isa = PBXBuildFile; fileRef = 9E63562A116039F9003ECFC3 /* girl_play.mp3 */; };
		9E63562E11603A6C003ECFC3 /* girl_pretzel.mp3 in Resources */ = {isa = PBXBuildFile; fileRef = 9E63562D11603A6C003ECFC3 /* girl_pretzel.mp3 */; };
		9E63563011603A7F003ECFC3 /* girl_soda.mp3 in Resources */ = {isa = PBXBuildFile; fileRef = 9E63562F11603A7F003ECFC3 /* girl_soda.mp3 */; };
		9E63563411603A86003ECFC3 /* girl_water.mp3 in Resources */ = {isa = PBXBuildFile; fileRef = 9E63563111603A86003ECFC3 /* girl_water.mp3 */; };
		9E63563511603A86003ECFC3 /* girl_juice.mp3 in Resources */ = {isa = PBXBuildFile; fileRef = 9E63563211603A86003ECFC3 /* girl_juice.mp3 */; };
		9E63563611603A86003ECFC3 /* girl_milk.mp3 in Resources */ = {isa = PBXBuildFile; fileRef = 9E63563311603A86003ECFC3 /* girl_milk.mp3 */; };
		9E63563911603AA4003ECFC3 /* girl_lunch.mp3 in Resources */ = {isa = PBXBuildFile; fileRef = 9E63563811603AA4003ECFC3 /* girl_lunch.mp3 */; };
		9E63567011603F72003ECFC3 /* girl_happy.mp3 in Resources */ = {isa = PBXBuildFile; fileRef = 9E63566F11603F72003ECFC3 /* girl_happy.mp3 */; };
		9E63567211603F89003ECFC3 /* girl_bathroom.mp3 in Resources */ = {isa = PBXBuildFile; fileRef = 9E63567111603F89003ECFC3 /* girl_bathroom.mp3 */; };
		9E696573115859E500D054B9 /* FlipsideView.xib in Resources */ = {isa = PBXBuildFile; fileRef = 9E69656C115859E500D054B9 /* FlipsideView.xib */; };
		9E6965A011585CD400D054B9 /* FeelViewController.xib in Resources */ = {isa = PBXBuildFile; fileRef = 9E69659F11585CD400D054B9 /* FeelViewController.xib */; };
		9E6965CB115861A800D054B9 /* AVFoundation.framework in Frameworks */ = {isa = PBXBuildFile; fileRef = 9E6965CA115861A800D054B9 /* AVFoundation.framework */; };
		9E7548AD118D9E950054BAE8 /* icon.png in Resources */ = {isa = PBXBuildFile; fileRef = 9E7548AC118D9E950054BAE8 /* icon.png */; };
		9E7E51B311838EA200048899 /* food.gif in Resources */ = {isa = PBXBuildFile; fileRef = 9E7E51B211838EA200048899 /* food.gif */; };
		9E7E51B511838EAE00048899 /* drinks.gif in Resources */ = {isa = PBXBuildFile; fileRef = 9E7E51B411838EAE00048899 /* drinks.gif */; };
		9E7E51B711838EBA00048899 /* snacks.gif in Resources */ = {isa = PBXBuildFile; fileRef = 9E7E51B611838EB900048899 /* snacks.gif */; };
		9E7E51B911838EC500048899 /* needhelp.gif in Resources */ = {isa = PBXBuildFile; fileRef = 9E7E51B811838EC500048899 /* needhelp.gif */; };
		9E8AD8A0116129570058D37B /* feel.gif in Resources */ = {isa = PBXBuildFile; fileRef = 9E8AD89F116129570058D37B /* feel.gif */; };
		9E8AD8A611612B090058D37B /* want.gif in Resources */ = {isa = PBXBuildFile; fileRef = 9E8AD8A511612B090058D37B /* want.gif */; };
		9E8AD8A911612C530058D37B /* need.gif in Resources */ = {isa = PBXBuildFile; fileRef = 9E8AD8A811612C530058D37B /* need.gif */; };
		9E924608115EA50600A115FB /* tv.jpg in Resources */ = {isa = PBXBuildFile; fileRef = 9E924607115EA50600A115FB /* tv.jpg */; };
		9E92460F115EA58600A115FB /* computer.jpg in Resources */ = {isa = PBXBuildFile; fileRef = 9E92460E115EA58600A115FB /* computer.jpg */; };
		9E924612115EA63D00A115FB /* book.jpg in Resources */ = {isa = PBXBuildFile; fileRef = 9E924611115EA63D00A115FB /* book.jpg */; };
		9E924615115EA68E00A115FB /* play.jpg in Resources */ = {isa = PBXBuildFile; fileRef = 9E924614115EA68E00A115FB /* play.jpg */; };
		9EA1A2CA115E4C640010B739 /* SnacksViewController.xib in Resources */ = {isa = PBXBuildFile; fileRef = 9EA1A2C6115E4C640010B739 /* SnacksViewController.xib */; };
		9EA1A2CB115E4C640010B739 /* WantViewController.xib in Resources */ = {isa = PBXBuildFile; fileRef = 9EA1A2C7115E4C640010B739 /* WantViewController.xib */; };
		9EA1A2CC115E4C640010B739 /* NeedViewController.xib in Resources */ = {isa = PBXBuildFile; fileRef = 9EA1A2C8115E4C640010B739 /* NeedViewController.xib */; };
		9EA1A2CD115E4C640010B739 /* NeedHelpViewController.xib in Resources */ = {isa = PBXBuildFile; fileRef = 9EA1A2C9115E4C640010B739 /* NeedHelpViewController.xib */; };
		9EA1A2D5115E4E110010B739 /* NeedViewController.m in Sources */ = {isa = PBXBuildFile; fileRef = 9EA1A2D4115E4E110010B739 /* NeedViewController.m */; };
		9EA1A2D8115E4E270010B739 /* NeedHelpViewController.m in Sources */ = {isa = PBXBuildFile; fileRef = 9EA1A2D7115E4E270010B739 /* NeedHelpViewController.m */; };
		9EA1A2DB115E4E320010B739 /* WantViewController.m in Sources */ = {isa = PBXBuildFile; fileRef = 9EA1A2DA115E4E320010B739 /* WantViewController.m */; };
		9EA1A2F9115E51380010B739 /* SnacksViewController.m in Sources */ = {isa = PBXBuildFile; fileRef = 9EA1A2F8115E51380010B739 /* SnacksViewController.m */; };
		9EA8C3ED115F922500158A86 /* juice.jpg in Resources */ = {isa = PBXBuildFile; fileRef = 9EA8C3EC115F922500158A86 /* juice.jpg */; };
		9EA8C3EF115F924600158A86 /* soda.jpg in Resources */ = {isa = PBXBuildFile; fileRef = 9EA8C3EE115F924600158A86 /* soda.jpg */; };
		9EA8C3F1115F925D00158A86 /* milk.jpg in Resources */ = {isa = PBXBuildFile; fileRef = 9EA8C3F0115F925D00158A86 /* milk.jpg */; };
		9EA8C3F3115F927400158A86 /* water.jpg in Resources */ = {isa = PBXBuildFile; fileRef = 9EA8C3F2115F927400158A86 /* water.jpg */; };
		9EA8C404115F94CF00158A86 /* dinner.jpg in Resources */ = {isa = PBXBuildFile; fileRef = 9EA8C403115F94CF00158A86 /* dinner.jpg */; };
		9EA8C406115F94EE00158A86 /* lunch.jpg in Resources */ = {isa = PBXBuildFile; fileRef = 9EA8C405115F94EE00158A86 /* lunch.jpg */; };
		9EA8C408115F950200158A86 /* breakfast.jpg in Resources */ = {isa = PBXBuildFile; fileRef = 9EA8C407115F950200158A86 /* breakfast.jpg */; };
		9EA8C489115FA31C00158A86 /* LargeFrame.gif in Resources */ = {isa = PBXBuildFile; fileRef = 9EA8C488115FA31C00158A86 /* LargeFrame.gif */; };
		9EA940A3115E823400D3CB44 /* FoodViewController.m in Sources */ = {isa = PBXBuildFile; fileRef = 9EA940A2115E823400D3CB44 /* FoodViewController.m */; };
		9EA940BD115E82CF00D3CB44 /* DrinksViewController.m in Sources */ = {isa = PBXBuildFile; fileRef = 9EA940BC115E82CF00D3CB44 /* DrinksViewController.m */; };
		9EA940C2115E82EF00D3CB44 /* FoodViewController.xib in Resources */ = {isa = PBXBuildFile; fileRef = 9EA940C0115E82EF00D3CB44 /* FoodViewController.xib */; };
		9EA940C3115E82EF00D3CB44 /* DrinksViewController.xib in Resources */ = {isa = PBXBuildFile; fileRef = 9EA940C1115E82EF00D3CB44 /* DrinksViewController.xib */; };
		9EA940F3115E8D4C00D3CB44 /* drink.jpg in Resources */ = {isa = PBXBuildFile; fileRef = 9EA940F2115E8D4C00D3CB44 /* drink.jpg */; };
		9EA940F5115E8D9500D3CB44 /* cookie.jpg in Resources */ = {isa = PBXBuildFile; fileRef = 9EA940F4115E8D9500D3CB44 /* cookie.jpg */; };
		9EA940F9115E8DE900D3CB44 /* eat.jpg in Resources */ = {isa = PBXBuildFile; fileRef = 9EA940F8115E8DE900D3CB44 /* eat.jpg */; };
		9EA940FB115E8E3200D3CB44 /* dessert.jpg in Resources */ = {isa = PBXBuildFile; fileRef = 9EA940FA115E8E3200D3CB44 /* dessert.jpg */; };
		9EA94116115E8FC900D3CB44 /* bathroom.jpg in Resources */ = {isa = PBXBuildFile; fileRef = 9EA94115115E8FC900D3CB44 /* bathroom.jpg */; };
		9EB6F6BE115EE56500D303B9 /* Frame.gif in Resources */ = {isa = PBXBuildFile; fileRef = 9EB6F6BD115EE56500D303B9 /* Frame.gif */; };
		9EB6F6C9115EE6D700D303B9 /* FrameWhite.gif in Resources */ = {isa = PBXBuildFile; fileRef = 9EB6F6C8115EE6D700D303B9 /* FrameWhite.gif */; };
		9EB6F6D6115EEA4400D303B9 /* PictureBaseViewController.m in Sources */ = {isa = PBXBuildFile; fileRef = 9EB6F6D5115EEA4400D303B9 /* PictureBaseViewController.m */; };
		9EBBBB14115E98F100213029 /* break.jpg in Resources */ = {isa = PBXBuildFile; fileRef = 9EBBBB13115E98F100213029 /* break.jpg */; };
		9EBBBB19115E996300213029 /* stomach.jpg in Resources */ = {isa = PBXBuildFile; fileRef = 9EBBBB18115E996300213029 /* stomach.jpg */; };
		9EBBBB1B115E998300213029 /* pretzel.jpg in Resources */ = {isa = PBXBuildFile; fileRef = 9EBBBB1A115E998300213029 /* pretzel.jpg */; };
		9EBBBB1F115E99DC00213029 /* headache.jpg in Resources */ = {isa = PBXBuildFile; fileRef = 9EBBBB1E115E99DC00213029 /* headache.jpg */; };
		9EBBBB26115E9A4700213029 /* cut.jpg in Resources */ = {isa = PBXBuildFile; fileRef = 9EBBBB25115E9A4700213029 /* cut.jpg */; };
		9EBBBB30115E9B5400213029 /* fruit.jpg in Resources */ = {isa = PBXBuildFile; fileRef = 9EBBBB2F115E9B5400213029 /* fruit.jpg */; };
		9EBBBB32115E9B7000213029 /* chips.jpg in Resources */ = {isa = PBXBuildFile; fileRef = 9EBBBB31115E9B7000213029 /* chips.jpg */; };
		9EC47B4A1163760600F13D98 /* happy.jpg in Resources */ = {isa = PBXBuildFile; fileRef = 9EC47B471163760600F13D98 /* happy.jpg */; };
		9EC47B4B1163760600F13D98 /* sad.jpg in Resources */ = {isa = PBXBuildFile; fileRef = 9EC47B481163760600F13D98 /* sad.jpg */; };
		9EC47B4C1163760600F13D98 /* angry.jpg in Resources */ = {isa = PBXBuildFile; fileRef = 9EC47B491163760600F13D98 /* angry.jpg */; };
		9EC47B7511638DB300F13D98 /* BoyGirlViewController.xib in Resources */ = {isa = PBXBuildFile; fileRef = 9EC47B7411638DB300F13D98 /* BoyGirlViewController.xib */; };
		9ECAEB84118690E6001072F3 /* dotdotdot.gif in Resources */ = {isa = PBXBuildFile; fileRef = 9ECAEB83118690E6001072F3 /* dotdotdot.gif */; };
		9EDCFB11115F5F7E0069D665 /* FeelViewController.m in Sources */ = {isa = PBXBuildFile; fileRef = 9EDCFB10115F5F7E0069D665 /* FeelViewController.m */; };
		9EFC7BF81163D26500311073 /* boy_happy.mp3 in Resources */ = {isa = PBXBuildFile; fileRef = 9EFC7BE41163D26500311073 /* boy_happy.mp3 */; };
		9EFC7BF91163D26500311073 /* boy_sad.mp3 in Resources */ = {isa = PBXBuildFile; fileRef = 9EFC7BE51163D26500311073 /* boy_sad.mp3 */; };
		9EFC7BFA1163D26500311073 /* boy_angry.mp3 in Resources */ = {isa = PBXBuildFile; fileRef = 9EFC7BE61163D26500311073 /* boy_angry.mp3 */; };
		9EFC7BFB1163D26500311073 /* boy_drink.mp3 in Resources */ = {isa = PBXBuildFile; fileRef = 9EFC7BE71163D26500311073 /* boy_drink.mp3 */; };
		9EFC7BFC1163D26500311073 /* boy_eat.mp3 in Resources */ = {isa = PBXBuildFile; fileRef = 9EFC7BE81163D26500311073 /* boy_eat.mp3 */; };
		9EFC7BFD1163D26500311073 /* boy_bathroom.mp3 in Resources */ = {isa = PBXBuildFile; fileRef = 9EFC7BE91163D26500311073 /* boy_bathroom.mp3 */; };
		9EFC7BFE1163D26500311073 /* boy_break.mp3 in Resources */ = {isa = PBXBuildFile; fileRef = 9EFC7BEA1163D26500311073 /* boy_break.mp3 */; };
		9EFC7BFF1163D26500311073 /* boy_headache.mp3 in Resources */ = {isa = PBXBuildFile; fileRef = 9EFC7BEB1163D26500311073 /* boy_headache.mp3 */; };
		9EFC7C001163D26500311073 /* boy_stomach.mp3 in Resources */ = {isa = PBXBuildFile; fileRef = 9EFC7BEC1163D26500311073 /* boy_stomach.mp3 */; };
		9EFC7C011163D26500311073 /* boy_cut.mp3 in Resources */ = {isa = PBXBuildFile; fileRef = 9EFC7BED1163D26500311073 /* boy_cut.mp3 */; };
		9EFC7C021163D26500311073 /* boy_tv.mp3 in Resources */ = {isa = PBXBuildFile; fileRef = 9EFC7BEE1163D26500311073 /* boy_tv.mp3 */; };
		9EFC7C031163D26500311073 /* boy_play.mp3 in Resources */ = {isa = PBXBuildFile; fileRef = 9EFC7BEF1163D26500311073 /* boy_play.mp3 */; };
		9EFC7C041163D26500311073 /* boy_book.mp3 in Resources */ = {isa = PBXBuildFile; fileRef = 9EFC7BF01163D26500311073 /* boy_book.mp3 */; };
		9EFC7C051163D26500311073 /* boy_computer.mp3 in Resources */ = {isa = PBXBuildFile; fileRef = 9EFC7BF11163D26500311073 /* boy_computer.mp3 */; };
		9EFC7C061163D26500311073 /* boy_chips.mp3 in Resources */ = {isa = PBXBuildFile; fileRef = 9EFC7BF21163D26500311073 /* boy_chips.mp3 */; };
		9EFC7C071163D26500311073 /* boy_cookie.mp3 in Resources */ = {isa = PBXBuildFile; fileRef = 9EFC7BF31163D26500311073 /* boy_cookie.mp3 */; };
		9EFC7C081163D26500311073 /* boy_pretzel.mp3 in Resources */ = {isa = PBXBuildFile; fileRef = 9EFC7BF41163D26500311073 /* boy_pretzel.mp3 */; };
		9EFC7C091163D26500311073 /* boy_fruit.mp3 in Resources */ = {isa = PBXBuildFile; fileRef = 9EFC7BF51163D26500311073 /* boy_fruit.mp3 */; };
		9EFC7C0A1163D26500311073 /* boy_milk.mp3 in Resources */ = {isa = PBXBuildFile; fileRef = 9EFC7BF61163D26500311073 /* boy_milk.mp3 */; };
		9EFC7C0B1163D26500311073 /* boy_water.mp3 in Resources */ = {isa = PBXBuildFile; fileRef = 9EFC7BF71163D26500311073 /* boy_water.mp3 */; };
		9EFC7C111163D26F00311073 /* boy_juice.mp3 in Resources */ = {isa = PBXBuildFile; fileRef = 9EFC7C0C1163D26F00311073 /* boy_juice.mp3 */; };
		9EFC7C121163D26F00311073 /* boy_dinner.mp3 in Resources */ = {isa = PBXBuildFile; fileRef = 9EFC7C0D1163D26F00311073 /* boy_dinner.mp3 */; };
		9EFC7C131163D26F00311073 /* boy_dessert.mp3 in Resources */ = {isa = PBXBuildFile; fileRef = 9EFC7C0E1163D26F00311073 /* boy_dessert.mp3 */; };
		9EFC7C141163D26F00311073 /* boy_lunch.mp3 in Resources */ = {isa = PBXBuildFile; fileRef = 9EFC7C0F1163D26F00311073 /* boy_lunch.mp3 */; };
		9EFC7C151163D26F00311073 /* boy_breakfast.mp3 in Resources */ = {isa = PBXBuildFile; fileRef = 9EFC7C101163D26F00311073 /* boy_breakfast.mp3 */; };
/* End PBXBuildFile section */

/* Begin PBXFileReference section */
		1D30AB110D05D00D00671497 /* Foundation.framework */ = {isa = PBXFileReference; lastKnownFileType = wrapper.framework; name = Foundation.framework; path = System/Library/Frameworks/Foundation.framework; sourceTree = SDKROOT; };
		1D3623240D0F684500981E51 /* iInteractAppDelegate.h */ = {isa = PBXFileReference; fileEncoding = 4; lastKnownFileType = sourcecode.c.h; path = iInteractAppDelegate.h; sourceTree = "<group>"; };
		1D3623250D0F684500981E51 /* iInteractAppDelegate.m */ = {isa = PBXFileReference; fileEncoding = 4; lastKnownFileType = sourcecode.c.objc; path = iInteractAppDelegate.m; sourceTree = "<group>"; };
		1D6058910D05DD3D006BFB54 /* iInteract.app */ = {isa = PBXFileReference; explicitFileType = wrapper.application; includeInIndex = 0; path = iInteract.app; sourceTree = BUILT_PRODUCTS_DIR; };
		1DF5F4DF0D08C38300B7A737 /* UIKit.framework */ = {isa = PBXFileReference; lastKnownFileType = wrapper.framework; name = UIKit.framework; path = System/Library/Frameworks/UIKit.framework; sourceTree = SDKROOT; };
		2892E40F0DC94CBA00A64D0F /* CoreGraphics.framework */ = {isa = PBXFileReference; lastKnownFileType = wrapper.framework; name = CoreGraphics.framework; path = System/Library/Frameworks/CoreGraphics.framework; sourceTree = SDKROOT; };
		28A0AAE50D9B0CCF005BE974 /* iInteract_Prefix.pch */ = {isa = PBXFileReference; fileEncoding = 4; lastKnownFileType = sourcecode.c.h; path = iInteract_Prefix.pch; sourceTree = "<group>"; };
		28AD735F0D9D9599002E5188 /* MainWindow.xib */ = {isa = PBXFileReference; lastKnownFileType = file.xib; path = MainWindow.xib; sourceTree = "<group>"; };
		28C286DF0D94DF7D0034E888 /* RootViewController.h */ = {isa = PBXFileReference; fileEncoding = 4; lastKnownFileType = sourcecode.c.h; path = RootViewController.h; sourceTree = "<group>"; };
		28C286E00D94DF7D0034E888 /* RootViewController.m */ = {isa = PBXFileReference; fileEncoding = 4; lastKnownFileType = sourcecode.c.objc; path = RootViewController.m; sourceTree = "<group>"; };
		28F335F01007B36200424DE2 /* RootViewController.xib */ = {isa = PBXFileReference; lastKnownFileType = file.xib; path = RootViewController.xib; sourceTree = "<group>"; };
		29B97316FDCFA39411CA2CEA /* main.m */ = {isa = PBXFileReference; fileEncoding = 4; lastKnownFileType = sourcecode.c.objc; path = main.m; sourceTree = "<group>"; };
		6D828C9D1BE4302F006DE136 /* Default-568h@2x.png */ = {isa = PBXFileReference; lastKnownFileType = image.png; path = "Default-568h@2x.png"; sourceTree = "<group>"; };
		8D1107310486CEB800E47090 /* iInteract-Info.plist */ = {isa = PBXFileReference; fileEncoding = 4; lastKnownFileType = text.plist.xml; path = "iInteract-Info.plist"; plistStructureDefinitionIdentifier = "com.apple.xcode.plist.structure-definition.iphone.info-plist"; sourceTree = "<group>"; };
		9E0E665C11694F0A003A650C /* boy_soda.mp3 */ = {isa = PBXFileReference; lastKnownFileType = audio.mp3; path = boy_soda.mp3; sourceTree = "<group>"; };
		9E0E665F11694F33003A650C /* girl_chips.mp3 */ = {isa = PBXFileReference; lastKnownFileType = audio.mp3; path = girl_chips.mp3; sourceTree = "<group>"; };
		9E13273D11695C1A00732629 /* girl_book.mp3 */ = {isa = PBXFileReference; lastKnownFileType = audio.mp3; path = girl_book.mp3; sourceTree = "<group>"; };
		9E5A73FD11643EC9002C49CC /* BoyGirlViewController.h */ = {isa = PBXFileReference; fileEncoding = 4; lastKnownFileType = sourcecode.c.h; path = BoyGirlViewController.h; sourceTree = "<group>"; };
		9E5A73FE11643EC9002C49CC /* BoyGirlViewController.m */ = {isa = PBXFileReference; fileEncoding = 4; lastKnownFileType = sourcecode.c.objc; path = BoyGirlViewController.m; sourceTree = "<group>"; };
		9E6356041160392A003ECFC3 /* girl_angry.mp3 */ = {isa = PBXFileReference; lastKnownFileType = audio.mp3; path = girl_angry.mp3; sourceTree = "<group>"; };
		9E6356061160392A003ECFC3 /* girl_break.mp3 */ = {isa = PBXFileReference; lastKnownFileType = audio.mp3; path = girl_break.mp3; sourceTree = "<group>"; };
		9E6356071160392A003ECFC3 /* girl_breakfast.mp3 */ = {isa = PBXFileReference; lastKnownFileType = audio.mp3; path = girl_breakfast.mp3; sourceTree = "<group>"; };
		9E6356091160392A003ECFC3 /* girl_computer.mp3 */ = {isa = PBXFileReference; lastKnownFileType = audio.mp3; path = girl_computer.mp3; sourceTree = "<group>"; };
		9E63560A1160392A003ECFC3 /* girl_cookie.mp3 */ = {isa = PBXFileReference; lastKnownFileType = audio.mp3; path = girl_cookie.mp3; sourceTree = "<group>"; };
		9E63560B1160392A003ECFC3 /* girl_cut.mp3 */ = {isa = PBXFileReference; lastKnownFileType = audio.mp3; path = girl_cut.mp3; sourceTree = "<group>"; };
		9E63560C1160392A003ECFC3 /* girl_dessert.mp3 */ = {isa = PBXFileReference; lastKnownFileType = audio.mp3; path = girl_dessert.mp3; sourceTree = "<group>"; };
		9E63560D1160392A003ECFC3 /* girl_dinner.mp3 */ = {isa = PBXFileReference; lastKnownFileType = audio.mp3; path = girl_dinner.mp3; sourceTree = "<group>"; };
		9E63560E1160392A003ECFC3 /* girl_drink.mp3 */ = {isa = PBXFileReference; lastKnownFileType = audio.mp3; path = girl_drink.mp3; sourceTree = "<group>"; };
		9E63560F1160392A003ECFC3 /* girl_eat.mp3 */ = {isa = PBXFileReference; lastKnownFileType = audio.mp3; path = girl_eat.mp3; sourceTree = "<group>"; };
		9E63561C11603940003ECFC3 /* girl_fruit.mp3 */ = {isa = PBXFileReference; lastKnownFileType = audio.mp3; path = girl_fruit.mp3; sourceTree = "<group>"; };
		9E63561D11603940003ECFC3 /* girl_sad.mp3 */ = {isa = PBXFileReference; lastKnownFileType = audio.mp3; path = girl_sad.mp3; sourceTree = "<group>"; };
		9E635623116039B4003ECFC3 /* girl_headache.mp3 */ = {isa = PBXFileReference; lastKnownFileType = audio.mp3; path = girl_headache.mp3; sourceTree = "<group>"; };
		9E635625116039CE003ECFC3 /* girl_stomach.mp3 */ = {isa = PBXFileReference; lastKnownFileType = audio.mp3; path = girl_stomach.mp3; sourceTree = "<group>"; };
		9E635628116039E2003ECFC3 /* girl_tv.mp3 */ = {isa = PBXFileReference; lastKnownFileType = audio.mp3; path = girl_tv.mp3; sourceTree = "<group>"; };
		9E63562A116039F9003ECFC3 /* girl_play.mp3 */ = {isa = PBXFileReference; lastKnownFileType = audio.mp3; path = girl_play.mp3; sourceTree = "<group>"; };
		9E63562D11603A6C003ECFC3 /* girl_pretzel.mp3 */ = {isa = PBXFileReference; lastKnownFileType = audio.mp3; path = girl_pretzel.mp3; sourceTree = "<group>"; };
		9E63562F11603A7F003ECFC3 /* girl_soda.mp3 */ = {isa = PBXFileReference; lastKnownFileType = audio.mp3; path = girl_soda.mp3; sourceTree = "<group>"; };
		9E63563111603A86003ECFC3 /* girl_water.mp3 */ = {isa = PBXFileReference; lastKnownFileType = audio.mp3; path = girl_water.mp3; sourceTree = "<group>"; };
		9E63563211603A86003ECFC3 /* girl_juice.mp3 */ = {isa = PBXFileReference; lastKnownFileType = audio.mp3; path = girl_juice.mp3; sourceTree = "<group>"; };
		9E63563311603A86003ECFC3 /* girl_milk.mp3 */ = {isa = PBXFileReference; lastKnownFileType = audio.mp3; path = girl_milk.mp3; sourceTree = "<group>"; };
		9E63563811603AA4003ECFC3 /* girl_lunch.mp3 */ = {isa = PBXFileReference; lastKnownFileType = audio.mp3; path = girl_lunch.mp3; sourceTree = "<group>"; };
		9E63566F11603F72003ECFC3 /* girl_happy.mp3 */ = {isa = PBXFileReference; lastKnownFileType = audio.mp3; path = girl_happy.mp3; sourceTree = "<group>"; };
		9E63567111603F89003ECFC3 /* girl_bathroom.mp3 */ = {isa = PBXFileReference; lastKnownFileType = audio.mp3; path = girl_bathroom.mp3; sourceTree = "<group>"; };
		9E69656C115859E500D054B9 /* FlipsideView.xib */ = {isa = PBXFileReference; lastKnownFileType = file.xib; path = FlipsideView.xib; sourceTree = "<group>"; };
		9E69659F11585CD400D054B9 /* FeelViewController.xib */ = {isa = PBXFileReference; lastKnownFileType = file.xib; path = FeelViewController.xib; sourceTree = "<group>"; };
		9E6965CA115861A800D054B9 /* AVFoundation.framework */ = {isa = PBXFileReference; lastKnownFileType = wrapper.framework; name = AVFoundation.framework; path = System/Library/Frameworks/AVFoundation.framework; sourceTree = SDKROOT; };
		9E7548AC118D9E950054BAE8 /* icon.png */ = {isa = PBXFileReference; lastKnownFileType = image.png; path = icon.png; sourceTree = "<group>"; };
		9E7E51B211838EA200048899 /* food.gif */ = {isa = PBXFileReference; lastKnownFileType = image.gif; path = food.gif; sourceTree = "<group>"; };
		9E7E51B411838EAE00048899 /* drinks.gif */ = {isa = PBXFileReference; lastKnownFileType = image.gif; path = drinks.gif; sourceTree = "<group>"; };
		9E7E51B611838EB900048899 /* snacks.gif */ = {isa = PBXFileReference; lastKnownFileType = image.gif; path = snacks.gif; sourceTree = "<group>"; };
		9E7E51B811838EC500048899 /* needhelp.gif */ = {isa = PBXFileReference; lastKnownFileType = image.gif; path = needhelp.gif; sourceTree = "<group>"; };
		9E8AD89F116129570058D37B /* feel.gif */ = {isa = PBXFileReference; lastKnownFileType = image.gif; path = feel.gif; sourceTree = "<group>"; };
		9E8AD8A511612B090058D37B /* want.gif */ = {isa = PBXFileReference; lastKnownFileType = image.gif; path = want.gif; sourceTree = "<group>"; };
		9E8AD8A811612C530058D37B /* need.gif */ = {isa = PBXFileReference; lastKnownFileType = image.gif; path = need.gif; sourceTree = "<group>"; };
		9E924607115EA50600A115FB /* tv.jpg */ = {isa = PBXFileReference; lastKnownFileType = image.jpeg; path = tv.jpg; sourceTree = "<group>"; };
		9E92460E115EA58600A115FB /* computer.jpg */ = {isa = PBXFileReference; lastKnownFileType = image.jpeg; path = computer.jpg; sourceTree = "<group>"; };
		9E924611115EA63D00A115FB /* book.jpg */ = {isa = PBXFileReference; lastKnownFileType = image.jpeg; path = book.jpg; sourceTree = "<group>"; };
		9E924614115EA68E00A115FB /* play.jpg */ = {isa = PBXFileReference; lastKnownFileType = image.jpeg; path = play.jpg; sourceTree = "<group>"; };
		9EA1A2C6115E4C640010B739 /* SnacksViewController.xib */ = {isa = PBXFileReference; lastKnownFileType = file.xib; path = SnacksViewController.xib; sourceTree = "<group>"; };
		9EA1A2C7115E4C640010B739 /* WantViewController.xib */ = {isa = PBXFileReference; lastKnownFileType = file.xib; path = WantViewController.xib; sourceTree = "<group>"; };
		9EA1A2C8115E4C640010B739 /* NeedViewController.xib */ = {isa = PBXFileReference; lastKnownFileType = file.xib; path = NeedViewController.xib; sourceTree = "<group>"; };
		9EA1A2C9115E4C640010B739 /* NeedHelpViewController.xib */ = {isa = PBXFileReference; lastKnownFileType = file.xib; path = NeedHelpViewController.xib; sourceTree = "<group>"; };
		9EA1A2D3115E4E110010B739 /* NeedViewController.h */ = {isa = PBXFileReference; fileEncoding = 4; lastKnownFileType = sourcecode.c.h; path = NeedViewController.h; sourceTree = "<group>"; };
		9EA1A2D4115E4E110010B739 /* NeedViewController.m */ = {isa = PBXFileReference; fileEncoding = 4; lastKnownFileType = sourcecode.c.objc; path = NeedViewController.m; sourceTree = "<group>"; };
		9EA1A2D6115E4E270010B739 /* NeedHelpViewController.h */ = {isa = PBXFileReference; fileEncoding = 4; lastKnownFileType = sourcecode.c.h; path = NeedHelpViewController.h; sourceTree = "<group>"; };
		9EA1A2D7115E4E270010B739 /* NeedHelpViewController.m */ = {isa = PBXFileReference; fileEncoding = 4; lastKnownFileType = sourcecode.c.objc; path = NeedHelpViewController.m; sourceTree = "<group>"; };
		9EA1A2D9115E4E320010B739 /* WantViewController.h */ = {isa = PBXFileReference; fileEncoding = 4; lastKnownFileType = sourcecode.c.h; path = WantViewController.h; sourceTree = "<group>"; };
		9EA1A2DA115E4E320010B739 /* WantViewController.m */ = {isa = PBXFileReference; fileEncoding = 4; lastKnownFileType = sourcecode.c.objc; path = WantViewController.m; sourceTree = "<group>"; };
		9EA1A2F7115E51380010B739 /* SnacksViewController.h */ = {isa = PBXFileReference; fileEncoding = 4; lastKnownFileType = sourcecode.c.h; path = SnacksViewController.h; sourceTree = "<group>"; };
		9EA1A2F8115E51380010B739 /* SnacksViewController.m */ = {isa = PBXFileReference; fileEncoding = 4; lastKnownFileType = sourcecode.c.objc; path = SnacksViewController.m; sourceTree = "<group>"; };
		9EA8C3EC115F922500158A86 /* juice.jpg */ = {isa = PBXFileReference; lastKnownFileType = image.jpeg; path = juice.jpg; sourceTree = "<group>"; };
		9EA8C3EE115F924600158A86 /* soda.jpg */ = {isa = PBXFileReference; lastKnownFileType = image.jpeg; path = soda.jpg; sourceTree = "<group>"; };
		9EA8C3F0115F925D00158A86 /* milk.jpg */ = {isa = PBXFileReference; lastKnownFileType = image.jpeg; path = milk.jpg; sourceTree = "<group>"; };
		9EA8C3F2115F927400158A86 /* water.jpg */ = {isa = PBXFileReference; lastKnownFileType = image.jpeg; path = water.jpg; sourceTree = "<group>"; };
		9EA8C403115F94CF00158A86 /* dinner.jpg */ = {isa = PBXFileReference; lastKnownFileType = image.jpeg; path = dinner.jpg; sourceTree = "<group>"; };
		9EA8C405115F94EE00158A86 /* lunch.jpg */ = {isa = PBXFileReference; lastKnownFileType = image.jpeg; path = lunch.jpg; sourceTree = "<group>"; };
		9EA8C407115F950200158A86 /* breakfast.jpg */ = {isa = PBXFileReference; lastKnownFileType = image.jpeg; path = breakfast.jpg; sourceTree = "<group>"; };
		9EA8C488115FA31C00158A86 /* LargeFrame.gif */ = {isa = PBXFileReference; lastKnownFileType = image.gif; path = LargeFrame.gif; sourceTree = "<group>"; };
		9EA940A1115E823400D3CB44 /* FoodViewController.h */ = {isa = PBXFileReference; fileEncoding = 4; lastKnownFileType = sourcecode.c.h; path = FoodViewController.h; sourceTree = "<group>"; };
		9EA940A2115E823400D3CB44 /* FoodViewController.m */ = {isa = PBXFileReference; fileEncoding = 4; lastKnownFileType = sourcecode.c.objc; path = FoodViewController.m; sourceTree = "<group>"; };
		9EA940BB115E82CF00D3CB44 /* DrinksViewController.h */ = {isa = PBXFileReference; fileEncoding = 4; lastKnownFileType = sourcecode.c.h; path = DrinksViewController.h; sourceTree = "<group>"; };
		9EA940BC115E82CF00D3CB44 /* DrinksViewController.m */ = {isa = PBXFileReference; fileEncoding = 4; lastKnownFileType = sourcecode.c.objc; path = DrinksViewController.m; sourceTree = "<group>"; };
		9EA940C0115E82EF00D3CB44 /* FoodViewController.xib */ = {isa = PBXFileReference; lastKnownFileType = file.xib; path = FoodViewController.xib; sourceTree = "<group>"; };
		9EA940C1115E82EF00D3CB44 /* DrinksViewController.xib */ = {isa = PBXFileReference; lastKnownFileType = file.xib; path = DrinksViewController.xib; sourceTree = "<group>"; };
		9EA940F2115E8D4C00D3CB44 /* drink.jpg */ = {isa = PBXFileReference; lastKnownFileType = image.jpeg; path = drink.jpg; sourceTree = "<group>"; };
		9EA940F4115E8D9500D3CB44 /* cookie.jpg */ = {isa = PBXFileReference; lastKnownFileType = image.jpeg; path = cookie.jpg; sourceTree = "<group>"; };
		9EA940F8115E8DE900D3CB44 /* eat.jpg */ = {isa = PBXFileReference; lastKnownFileType = image.jpeg; path = eat.jpg; sourceTree = "<group>"; };
		9EA940FA115E8E3200D3CB44 /* dessert.jpg */ = {isa = PBXFileReference; lastKnownFileType = image.jpeg; path = dessert.jpg; sourceTree = "<group>"; };
		9EA94115115E8FC900D3CB44 /* bathroom.jpg */ = {isa = PBXFileReference; lastKnownFileType = image.jpeg; path = bathroom.jpg; sourceTree = "<group>"; };
		9EB6F6BD115EE56500D303B9 /* Frame.gif */ = {isa = PBXFileReference; lastKnownFileType = image.gif; path = Frame.gif; sourceTree = "<group>"; };
		9EB6F6C8115EE6D700D303B9 /* FrameWhite.gif */ = {isa = PBXFileReference; lastKnownFileType = image.gif; path = FrameWhite.gif; sourceTree = "<group>"; };
		9EB6F6D4115EEA4400D303B9 /* PictureBaseViewController.h */ = {isa = PBXFileReference; fileEncoding = 4; lastKnownFileType = sourcecode.c.h; path = PictureBaseViewController.h; sourceTree = "<group>"; };
		9EB6F6D5115EEA4400D303B9 /* PictureBaseViewController.m */ = {isa = PBXFileReference; fileEncoding = 4; lastKnownFileType = sourcecode.c.objc; path = PictureBaseViewController.m; sourceTree = "<group>"; };
		9EBBBB13115E98F100213029 /* break.jpg */ = {isa = PBXFileReference; lastKnownFileType = image.jpeg; path = break.jpg; sourceTree = "<group>"; };
		9EBBBB18115E996300213029 /* stomach.jpg */ = {isa = PBXFileReference; lastKnownFileType = image.jpeg; path = stomach.jpg; sourceTree = "<group>"; };
		9EBBBB1A115E998300213029 /* pretzel.jpg */ = {isa = PBXFileReference; lastKnownFileType = image.jpeg; path = pretzel.jpg; sourceTree = "<group>"; };
		9EBBBB1E115E99DC00213029 /* headache.jpg */ = {isa = PBXFileReference; lastKnownFileType = image.jpeg; path = headache.jpg; sourceTree = "<group>"; };
		9EBBBB25115E9A4700213029 /* cut.jpg */ = {isa = PBXFileReference; lastKnownFileType = image.jpeg; path = cut.jpg; sourceTree = "<group>"; };
		9EBBBB2F115E9B5400213029 /* fruit.jpg */ = {isa = PBXFileReference; lastKnownFileType = image.jpeg; path = fruit.jpg; sourceTree = "<group>"; };
		9EBBBB31115E9B7000213029 /* chips.jpg */ = {isa = PBXFileReference; lastKnownFileType = image.jpeg; path = chips.jpg; sourceTree = "<group>"; };
		9EC47B471163760600F13D98 /* happy.jpg */ = {isa = PBXFileReference; lastKnownFileType = image.jpeg; path = happy.jpg; sourceTree = "<group>"; };
		9EC47B481163760600F13D98 /* sad.jpg */ = {isa = PBXFileReference; lastKnownFileType = image.jpeg; path = sad.jpg; sourceTree = "<group>"; };
		9EC47B491163760600F13D98 /* angry.jpg */ = {isa = PBXFileReference; lastKnownFileType = image.jpeg; path = angry.jpg; sourceTree = "<group>"; };
		9EC47B7411638DB300F13D98 /* BoyGirlViewController.xib */ = {isa = PBXFileReference; lastKnownFileType = file.xib; path = BoyGirlViewController.xib; sourceTree = "<group>"; };
		9ECAEB83118690E6001072F3 /* dotdotdot.gif */ = {isa = PBXFileReference; lastKnownFileType = image.gif; path = dotdotdot.gif; sourceTree = "<group>"; };
		9EDCFB0F115F5F7E0069D665 /* FeelViewController.h */ = {isa = PBXFileReference; fileEncoding = 4; lastKnownFileType = sourcecode.c.h; path = FeelViewController.h; sourceTree = "<group>"; };
		9EDCFB10115F5F7E0069D665 /* FeelViewController.m */ = {isa = PBXFileReference; fileEncoding = 4; lastKnownFileType = sourcecode.c.objc; path = FeelViewController.m; sourceTree = "<group>"; };
		9EFC7BE41163D26500311073 /* boy_happy.mp3 */ = {isa = PBXFileReference; lastKnownFileType = audio.mp3; path = boy_happy.mp3; sourceTree = "<group>"; };
		9EFC7BE51163D26500311073 /* boy_sad.mp3 */ = {isa = PBXFileReference; lastKnownFileType = audio.mp3; path = boy_sad.mp3; sourceTree = "<group>"; };
		9EFC7BE61163D26500311073 /* boy_angry.mp3 */ = {isa = PBXFileReference; lastKnownFileType = audio.mp3; path = boy_angry.mp3; sourceTree = "<group>"; };
		9EFC7BE71163D26500311073 /* boy_drink.mp3 */ = {isa = PBXFileReference; lastKnownFileType = audio.mp3; path = boy_drink.mp3; sourceTree = "<group>"; };
		9EFC7BE81163D26500311073 /* boy_eat.mp3 */ = {isa = PBXFileReference; lastKnownFileType = audio.mp3; path = boy_eat.mp3; sourceTree = "<group>"; };
		9EFC7BE91163D26500311073 /* boy_bathroom.mp3 */ = {isa = PBXFileReference; lastKnownFileType = audio.mp3; path = boy_bathroom.mp3; sourceTree = "<group>"; };
		9EFC7BEA1163D26500311073 /* boy_break.mp3 */ = {isa = PBXFileReference; lastKnownFileType = audio.mp3; path = boy_break.mp3; sourceTree = "<group>"; };
		9EFC7BEB1163D26500311073 /* boy_headache.mp3 */ = {isa = PBXFileReference; lastKnownFileType = audio.mp3; path = boy_headache.mp3; sourceTree = "<group>"; };
		9EFC7BEC1163D26500311073 /* boy_stomach.mp3 */ = {isa = PBXFileReference; lastKnownFileType = audio.mp3; path = boy_stomach.mp3; sourceTree = "<group>"; };
		9EFC7BED1163D26500311073 /* boy_cut.mp3 */ = {isa = PBXFileReference; lastKnownFileType = audio.mp3; path = boy_cut.mp3; sourceTree = "<group>"; };
		9EFC7BEE1163D26500311073 /* boy_tv.mp3 */ = {isa = PBXFileReference; lastKnownFileType = audio.mp3; path = boy_tv.mp3; sourceTree = "<group>"; };
		9EFC7BEF1163D26500311073 /* boy_play.mp3 */ = {isa = PBXFileReference; lastKnownFileType = audio.mp3; path = boy_play.mp3; sourceTree = "<group>"; };
		9EFC7BF01163D26500311073 /* boy_book.mp3 */ = {isa = PBXFileReference; lastKnownFileType = audio.mp3; path = boy_book.mp3; sourceTree = "<group>"; };
		9EFC7BF11163D26500311073 /* boy_computer.mp3 */ = {isa = PBXFileReference; lastKnownFileType = audio.mp3; path = boy_computer.mp3; sourceTree = "<group>"; };
		9EFC7BF21163D26500311073 /* boy_chips.mp3 */ = {isa = PBXFileReference; lastKnownFileType = audio.mp3; path = boy_chips.mp3; sourceTree = "<group>"; };
		9EFC7BF31163D26500311073 /* boy_cookie.mp3 */ = {isa = PBXFileReference; lastKnownFileType = audio.mp3; path = boy_cookie.mp3; sourceTree = "<group>"; };
		9EFC7BF41163D26500311073 /* boy_pretzel.mp3 */ = {isa = PBXFileReference; lastKnownFileType = audio.mp3; path = boy_pretzel.mp3; sourceTree = "<group>"; };
		9EFC7BF51163D26500311073 /* boy_fruit.mp3 */ = {isa = PBXFileReference; lastKnownFileType = audio.mp3; path = boy_fruit.mp3; sourceTree = "<group>"; };
		9EFC7BF61163D26500311073 /* boy_milk.mp3 */ = {isa = PBXFileReference; lastKnownFileType = audio.mp3; path = boy_milk.mp3; sourceTree = "<group>"; };
		9EFC7BF71163D26500311073 /* boy_water.mp3 */ = {isa = PBXFileReference; lastKnownFileType = audio.mp3; path = boy_water.mp3; sourceTree = "<group>"; };
		9EFC7C0C1163D26F00311073 /* boy_juice.mp3 */ = {isa = PBXFileReference; lastKnownFileType = audio.mp3; path = boy_juice.mp3; sourceTree = "<group>"; };
		9EFC7C0D1163D26F00311073 /* boy_dinner.mp3 */ = {isa = PBXFileReference; lastKnownFileType = audio.mp3; path = boy_dinner.mp3; sourceTree = "<group>"; };
		9EFC7C0E1163D26F00311073 /* boy_dessert.mp3 */ = {isa = PBXFileReference; lastKnownFileType = audio.mp3; path = boy_dessert.mp3; sourceTree = "<group>"; };
		9EFC7C0F1163D26F00311073 /* boy_lunch.mp3 */ = {isa = PBXFileReference; lastKnownFileType = audio.mp3; path = boy_lunch.mp3; sourceTree = "<group>"; };
		9EFC7C101163D26F00311073 /* boy_breakfast.mp3 */ = {isa = PBXFileReference; lastKnownFileType = audio.mp3; path = boy_breakfast.mp3; sourceTree = "<group>"; };
/* End PBXFileReference section */

/* Begin PBXFrameworksBuildPhase section */
		1D60588F0D05DD3D006BFB54 /* Frameworks */ = {
			isa = PBXFrameworksBuildPhase;
			buildActionMask = 2147483647;
			files = (
				1D60589F0D05DD5A006BFB54 /* Foundation.framework in Frameworks */,
				1DF5F4E00D08C38300B7A737 /* UIKit.framework in Frameworks */,
				2892E4100DC94CBA00A64D0F /* CoreGraphics.framework in Frameworks */,
				9E6965CB115861A800D054B9 /* AVFoundation.framework in Frameworks */,
			);
			runOnlyForDeploymentPostprocessing = 0;
		};
/* End PBXFrameworksBuildPhase section */

/* Begin PBXGroup section */
		080E96DDFE201D6D7F000001 /* Classes */ = {
			isa = PBXGroup;
			children = (
				9EDCFB01115F5EEB0069D665 /* Main App */,
				9EDCFB0F115F5F7E0069D665 /* FeelViewController.h */,
				9EDCFB10115F5F7E0069D665 /* FeelViewController.m */,
				9EA1A2D3115E4E110010B739 /* NeedViewController.h */,
				9EA1A2D4115E4E110010B739 /* NeedViewController.m */,
				9EA1A2D6115E4E270010B739 /* NeedHelpViewController.h */,
				9EA1A2D7115E4E270010B739 /* NeedHelpViewController.m */,
				9EA1A2D9115E4E320010B739 /* WantViewController.h */,
				9EA1A2DA115E4E320010B739 /* WantViewController.m */,
				9EA1A2F7115E51380010B739 /* SnacksViewController.h */,
				9EA1A2F8115E51380010B739 /* SnacksViewController.m */,
				9EA940BB115E82CF00D3CB44 /* DrinksViewController.h */,
				9EA940BC115E82CF00D3CB44 /* DrinksViewController.m */,
				9EA940A1115E823400D3CB44 /* FoodViewController.h */,
				9EA940A2115E823400D3CB44 /* FoodViewController.m */,
			);
			path = Classes;
			sourceTree = "<group>";
		};
		19C28FACFE9D520D11CA2CBB /* Products */ = {
			isa = PBXGroup;
			children = (
				1D6058910D05DD3D006BFB54 /* iInteract.app */,
			);
			name = Products;
			sourceTree = "<group>";
		};
		29B97314FDCFA39411CA2CEA /* CustomTemplate */ = {
			isa = PBXGroup;
			children = (
				6D828C9D1BE4302F006DE136 /* Default-568h@2x.png */,
				080E96DDFE201D6D7F000001 /* Classes */,
				29B97315FDCFA39411CA2CEA /* Other Sources */,
				29B97317FDCFA39411CA2CEA /* Resources */,
				29B97323FDCFA39411CA2CEA /* Frameworks */,
				19C28FACFE9D520D11CA2CBB /* Products */,
			);
			name = CustomTemplate;
			sourceTree = "<group>";
		};
		29B97315FDCFA39411CA2CEA /* Other Sources */ = {
			isa = PBXGroup;
			children = (
				28A0AAE50D9B0CCF005BE974 /* iInteract_Prefix.pch */,
				29B97316FDCFA39411CA2CEA /* main.m */,
			);
			name = "Other Sources";
			sourceTree = "<group>";
		};
		29B97317FDCFA39411CA2CEA /* Resources */ = {
			isa = PBXGroup;
			children = (
				9EA1A2CE115E4C740010B739 /* feel */,
				8D1107310486CEB800E47090 /* iInteract-Info.plist */,
				9E7548AC118D9E950054BAE8 /* icon.png */,
				9EDCFB3B115F61730069D665 /* MainApp */,
				9EA1A2D2115E4CD20010B739 /* need */,
				9EA1A2D0115E4CB20010B739 /* needHelp */,
				9EA1A2CF115E4CA30010B739 /* want */,
				9EA1A2D1115E4CC60010B739 /* snacks */,
				9EA94104115E8E5200D3CB44 /* drinks */,
				9EA940FC115E8E3700D3CB44 /* food */,
			);
			name = Resources;
			sourceTree = "<group>";
		};
		29B97323FDCFA39411CA2CEA /* Frameworks */ = {
			isa = PBXGroup;
			children = (
				1DF5F4DF0D08C38300B7A737 /* UIKit.framework */,
				1D30AB110D05D00D00671497 /* Foundation.framework */,
				2892E40F0DC94CBA00A64D0F /* CoreGraphics.framework */,
				9E6965CA115861A800D054B9 /* AVFoundation.framework */,
			);
			name = Frameworks;
			sourceTree = "<group>";
		};
		9EA1A2CE115E4C740010B739 /* feel */ = {
			isa = PBXGroup;
			children = (
				9E69659F11585CD400D054B9 /* FeelViewController.xib */,
				9E8AD89F116129570058D37B /* feel.gif */,
				9EFC7BE41163D26500311073 /* boy_happy.mp3 */,
				9EFC7BE51163D26500311073 /* boy_sad.mp3 */,
				9EFC7BE61163D26500311073 /* boy_angry.mp3 */,
				9E63566F11603F72003ECFC3 /* girl_happy.mp3 */,
				9E63561D11603940003ECFC3 /* girl_sad.mp3 */,
				9E6356041160392A003ECFC3 /* girl_angry.mp3 */,
				9EC47B471163760600F13D98 /* happy.jpg */,
				9EC47B481163760600F13D98 /* sad.jpg */,
				9EC47B491163760600F13D98 /* angry.jpg */,
			);
			name = feel;
			sourceTree = "<group>";
		};
		9EA1A2CF115E4CA30010B739 /* want */ = {
			isa = PBXGroup;
			children = (
				9EA1A2C7115E4C640010B739 /* WantViewController.xib */,
				9E8AD8A511612B090058D37B /* want.gif */,
				9EFC7BEE1163D26500311073 /* boy_tv.mp3 */,
				9EFC7BEF1163D26500311073 /* boy_play.mp3 */,
				9EFC7BF01163D26500311073 /* boy_book.mp3 */,
				9EFC7BF11163D26500311073 /* boy_computer.mp3 */,
				9E92460E115EA58600A115FB /* computer.jpg */,
				9E6356091160392A003ECFC3 /* girl_computer.mp3 */,
				9E924611115EA63D00A115FB /* book.jpg */,
				9E13273D11695C1A00732629 /* girl_book.mp3 */,
				9E924614115EA68E00A115FB /* play.jpg */,
				9E63562A116039F9003ECFC3 /* girl_play.mp3 */,
				9E924607115EA50600A115FB /* tv.jpg */,
				9E635628116039E2003ECFC3 /* girl_tv.mp3 */,
			);
			name = want;
			sourceTree = "<group>";
		};
		9EA1A2D0115E4CB20010B739 /* needHelp */ = {
			isa = PBXGroup;
			children = (
				9EA1A2C9115E4C640010B739 /* NeedHelpViewController.xib */,
				9E7E51B811838EC500048899 /* needhelp.gif */,
				9EFC7BEB1163D26500311073 /* boy_headache.mp3 */,
				9EFC7BEC1163D26500311073 /* boy_stomach.mp3 */,
				9EFC7BED1163D26500311073 /* boy_cut.mp3 */,
				9EBBBB1E115E99DC00213029 /* headache.jpg */,
				9E635623116039B4003ECFC3 /* girl_headache.mp3 */,
				9EBBBB25115E9A4700213029 /* cut.jpg */,
				9E63560B1160392A003ECFC3 /* girl_cut.mp3 */,
				9EBBBB18115E996300213029 /* stomach.jpg */,
				9E635625116039CE003ECFC3 /* girl_stomach.mp3 */,
			);
			name = needHelp;
			sourceTree = "<group>";
		};
		9EA1A2D1115E4CC60010B739 /* snacks */ = {
			isa = PBXGroup;
			children = (
				9EA1A2C6115E4C640010B739 /* SnacksViewController.xib */,
				9E7E51B611838EB900048899 /* snacks.gif */,
				9EFC7BF21163D26500311073 /* boy_chips.mp3 */,
				9EFC7BF31163D26500311073 /* boy_cookie.mp3 */,
				9EFC7BF41163D26500311073 /* boy_pretzel.mp3 */,
				9EFC7BF51163D26500311073 /* boy_fruit.mp3 */,
				9EBBBB1A115E998300213029 /* pretzel.jpg */,
				9E63562D11603A6C003ECFC3 /* girl_pretzel.mp3 */,
				9EBBBB2F115E9B5400213029 /* fruit.jpg */,
				9E63561C11603940003ECFC3 /* girl_fruit.mp3 */,
				9EBBBB31115E9B7000213029 /* chips.jpg */,
				9E0E665F11694F33003A650C /* girl_chips.mp3 */,
				9EA940F4115E8D9500D3CB44 /* cookie.jpg */,
				9E63560A1160392A003ECFC3 /* girl_cookie.mp3 */,
			);
			name = snacks;
			sourceTree = "<group>";
		};
		9EA1A2D2115E4CD20010B739 /* need */ = {
			isa = PBXGroup;
			children = (
				9EA1A2C8115E4C640010B739 /* NeedViewController.xib */,
				9E8AD8A811612C530058D37B /* need.gif */,
				9EFC7BE91163D26500311073 /* boy_bathroom.mp3 */,
				9EFC7BEA1163D26500311073 /* boy_break.mp3 */,
				9EFC7BE71163D26500311073 /* boy_drink.mp3 */,
				9EFC7BE81163D26500311073 /* boy_eat.mp3 */,
				9EA940F8115E8DE900D3CB44 /* eat.jpg */,
				9E63560F1160392A003ECFC3 /* girl_eat.mp3 */,
				9EA940F2115E8D4C00D3CB44 /* drink.jpg */,
				9E63560E1160392A003ECFC3 /* girl_drink.mp3 */,
				9EA94115115E8FC900D3CB44 /* bathroom.jpg */,
				9E63567111603F89003ECFC3 /* girl_bathroom.mp3 */,
				9EBBBB13115E98F100213029 /* break.jpg */,
				9E6356061160392A003ECFC3 /* girl_break.mp3 */,
			);
			name = need;
			sourceTree = "<group>";
		};
		9EA940FC115E8E3700D3CB44 /* food */ = {
			isa = PBXGroup;
			children = (
				9EA940C0115E82EF00D3CB44 /* FoodViewController.xib */,
				9E7E51B211838EA200048899 /* food.gif */,
				9EFC7C101163D26F00311073 /* boy_breakfast.mp3 */,
				9EFC7C0F1163D26F00311073 /* boy_lunch.mp3 */,
				9EFC7C0D1163D26F00311073 /* boy_dinner.mp3 */,
				9EFC7C0E1163D26F00311073 /* boy_dessert.mp3 */,
				9EA940FA115E8E3200D3CB44 /* dessert.jpg */,
				9E63560C1160392A003ECFC3 /* girl_dessert.mp3 */,
				9EA8C405115F94EE00158A86 /* lunch.jpg */,
				9E63563811603AA4003ECFC3 /* girl_lunch.mp3 */,
				9EA8C407115F950200158A86 /* breakfast.jpg */,
				9E6356071160392A003ECFC3 /* girl_breakfast.mp3 */,
				9EA8C403115F94CF00158A86 /* dinner.jpg */,
				9E63560D1160392A003ECFC3 /* girl_dinner.mp3 */,
			);
			name = food;
			sourceTree = "<group>";
		};
		9EA94104115E8E5200D3CB44 /* drinks */ = {
			isa = PBXGroup;
			children = (
				9EA940C1115E82EF00D3CB44 /* DrinksViewController.xib */,
				9E7E51B411838EAE00048899 /* drinks.gif */,
				9EFC7C0C1163D26F00311073 /* boy_juice.mp3 */,
				9EFC7BF61163D26500311073 /* boy_milk.mp3 */,
				9EFC7BF71163D26500311073 /* boy_water.mp3 */,
				9E0E665C11694F0A003A650C /* boy_soda.mp3 */,
				9EA8C3EE115F924600158A86 /* soda.jpg */,
				9E63562F11603A7F003ECFC3 /* girl_soda.mp3 */,
				9EA8C3EC115F922500158A86 /* juice.jpg */,
				9E63563211603A86003ECFC3 /* girl_juice.mp3 */,
				9EA8C3F0115F925D00158A86 /* milk.jpg */,
				9E63563311603A86003ECFC3 /* girl_milk.mp3 */,
				9EA8C3F2115F927400158A86 /* water.jpg */,
				9E63563111603A86003ECFC3 /* girl_water.mp3 */,
			);
			name = drinks;
			sourceTree = "<group>";
		};
		9EDCFB01115F5EEB0069D665 /* Main App */ = {
			isa = PBXGroup;
			children = (
				9EB6F6D4115EEA4400D303B9 /* PictureBaseViewController.h */,
				9EB6F6D5115EEA4400D303B9 /* PictureBaseViewController.m */,
				28C286DF0D94DF7D0034E888 /* RootViewController.h */,
				28C286E00D94DF7D0034E888 /* RootViewController.m */,
				1D3623240D0F684500981E51 /* iInteractAppDelegate.h */,
				1D3623250D0F684500981E51 /* iInteractAppDelegate.m */,
				9E5A73FD11643EC9002C49CC /* BoyGirlViewController.h */,
				9E5A73FE11643EC9002C49CC /* BoyGirlViewController.m */,
			);
			name = "Main App";
			sourceTree = "<group>";
		};
		9EDCFB3B115F61730069D665 /* MainApp */ = {
			isa = PBXGroup;
			children = (
				9ECAEB83118690E6001072F3 /* dotdotdot.gif */,
				9E69656C115859E500D054B9 /* FlipsideView.xib */,
				28F335F01007B36200424DE2 /* RootViewController.xib */,
				9EB6F6BD115EE56500D303B9 /* Frame.gif */,
				9EB6F6C8115EE6D700D303B9 /* FrameWhite.gif */,
				9EA8C488115FA31C00158A86 /* LargeFrame.gif */,
				28AD735F0D9D9599002E5188 /* MainWindow.xib */,
				9EC47B7411638DB300F13D98 /* BoyGirlViewController.xib */,
			);
			name = MainApp;
			sourceTree = "<group>";
		};
/* End PBXGroup section */

/* Begin PBXNativeTarget section */
		1D6058900D05DD3D006BFB54 /* iInteract */ = {
			isa = PBXNativeTarget;
			buildConfigurationList = 1D6058960D05DD3E006BFB54 /* Build configuration list for PBXNativeTarget "iInteract" */;
			buildPhases = (
				1D60588D0D05DD3D006BFB54 /* Resources */,
				1D60588E0D05DD3D006BFB54 /* Sources */,
				1D60588F0D05DD3D006BFB54 /* Frameworks */,
			);
			buildRules = (
			);
			dependencies = (
			);
			name = iInteract;
			productName = iInteract;
			productReference = 1D6058910D05DD3D006BFB54 /* iInteract.app */;
			productType = "com.apple.product-type.application";
		};
/* End PBXNativeTarget section */

/* Begin PBXProject section */
		29B97313FDCFA39411CA2CEA /* Project object */ = {
			isa = PBXProject;
			attributes = {
				LastUpgradeCheck = 0710;
				TargetAttributes = {
					1D6058900D05DD3D006BFB54 = {
						DevelopmentTeam = 583XUQ99J6;
					};
				};
			};
			buildConfigurationList = C01FCF4E08A954540054247B /* Build configuration list for PBXProject "iInteract" */;
			compatibilityVersion = "Xcode 3.2";
			developmentRegion = English;
			hasScannedForEncodings = 1;
			knownRegions = (
				English,
				Japanese,
				French,
				German,
				en,
			);
			mainGroup = 29B97314FDCFA39411CA2CEA /* CustomTemplate */;
			projectDirPath = "";
			projectRoot = "";
			targets = (
				1D6058900D05DD3D006BFB54 /* iInteract */,
			);
		};
/* End PBXProject section */

/* Begin PBXResourcesBuildPhase section */
		1D60588D0D05DD3D006BFB54 /* Resources */ = {
			isa = PBXResourcesBuildPhase;
			buildActionMask = 2147483647;
			files = (
				28AD73600D9D9599002E5188 /* MainWindow.xib in Resources */,
				28F335F11007B36200424DE2 /* RootViewController.xib in Resources */,
				9E696573115859E500D054B9 /* FlipsideView.xib in Resources */,
				9E6965A011585CD400D054B9 /* FeelViewController.xib in Resources */,
				9EA1A2CA115E4C640010B739 /* SnacksViewController.xib in Resources */,
				9EA1A2CB115E4C640010B739 /* WantViewController.xib in Resources */,
				9EA1A2CC115E4C640010B739 /* NeedViewController.xib in Resources */,
				9EA1A2CD115E4C640010B739 /* NeedHelpViewController.xib in Resources */,
				9EA940C2115E82EF00D3CB44 /* FoodViewController.xib in Resources */,
				9EA940C3115E82EF00D3CB44 /* DrinksViewController.xib in Resources */,
				9EA940F3115E8D4C00D3CB44 /* drink.jpg in Resources */,
				9EA940F5115E8D9500D3CB44 /* cookie.jpg in Resources */,
				9EA940F9115E8DE900D3CB44 /* eat.jpg in Resources */,
				9EA940FB115E8E3200D3CB44 /* dessert.jpg in Resources */,
				9EA94116115E8FC900D3CB44 /* bathroom.jpg in Resources */,
				9EBBBB14115E98F100213029 /* break.jpg in Resources */,
				9EBBBB19115E996300213029 /* stomach.jpg in Resources */,
				9EBBBB1B115E998300213029 /* pretzel.jpg in Resources */,
				9EBBBB1F115E99DC00213029 /* headache.jpg in Resources */,
				9EBBBB26115E9A4700213029 /* cut.jpg in Resources */,
				9EBBBB30115E9B5400213029 /* fruit.jpg in Resources */,
				9EBBBB32115E9B7000213029 /* chips.jpg in Resources */,
				9E924608115EA50600A115FB /* tv.jpg in Resources */,
				9E92460F115EA58600A115FB /* computer.jpg in Resources */,
				9E924612115EA63D00A115FB /* book.jpg in Resources */,
				9E924615115EA68E00A115FB /* play.jpg in Resources */,
				9EB6F6BE115EE56500D303B9 /* Frame.gif in Resources */,
				9EB6F6C9115EE6D700D303B9 /* FrameWhite.gif in Resources */,
				9EA8C3ED115F922500158A86 /* juice.jpg in Resources */,
				9EA8C3EF115F924600158A86 /* soda.jpg in Resources */,
				9EA8C3F1115F925D00158A86 /* milk.jpg in Resources */,
				9EA8C3F3115F927400158A86 /* water.jpg in Resources */,
				9EA8C404115F94CF00158A86 /* dinner.jpg in Resources */,
				9EA8C406115F94EE00158A86 /* lunch.jpg in Resources */,
				9EA8C408115F950200158A86 /* breakfast.jpg in Resources */,
				9EA8C489115FA31C00158A86 /* LargeFrame.gif in Resources */,
				9E6356101160392A003ECFC3 /* girl_angry.mp3 in Resources */,
				9E6356121160392A003ECFC3 /* girl_break.mp3 in Resources */,
				9E6356131160392A003ECFC3 /* girl_breakfast.mp3 in Resources */,
				9E6356151160392A003ECFC3 /* girl_computer.mp3 in Resources */,
				9E6356161160392A003ECFC3 /* girl_cookie.mp3 in Resources */,
				9E6356171160392A003ECFC3 /* girl_cut.mp3 in Resources */,
				9E6356181160392A003ECFC3 /* girl_dessert.mp3 in Resources */,
				9E6356191160392A003ECFC3 /* girl_dinner.mp3 in Resources */,
				9E63561A1160392A003ECFC3 /* girl_drink.mp3 in Resources */,
				9E63561B1160392A003ECFC3 /* girl_eat.mp3 in Resources */,
				9E63561E11603940003ECFC3 /* girl_fruit.mp3 in Resources */,
				9E63561F11603940003ECFC3 /* girl_sad.mp3 in Resources */,
				9E635624116039B4003ECFC3 /* girl_headache.mp3 in Resources */,
				9E635626116039CE003ECFC3 /* girl_stomach.mp3 in Resources */,
				9E635629116039E2003ECFC3 /* girl_tv.mp3 in Resources */,
				9E63562B116039F9003ECFC3 /* girl_play.mp3 in Resources */,
				9E63562E11603A6C003ECFC3 /* girl_pretzel.mp3 in Resources */,
				9E63563011603A7F003ECFC3 /* girl_soda.mp3 in Resources */,
				9E63563411603A86003ECFC3 /* girl_water.mp3 in Resources */,
				9E63563511603A86003ECFC3 /* girl_juice.mp3 in Resources */,
				9E63563611603A86003ECFC3 /* girl_milk.mp3 in Resources */,
				9E63563911603AA4003ECFC3 /* girl_lunch.mp3 in Resources */,
				9E63567011603F72003ECFC3 /* girl_happy.mp3 in Resources */,
				6D828C9E1BE4302F006DE136 /* Default-568h@2x.png in Resources */,
				9E63567211603F89003ECFC3 /* girl_bathroom.mp3 in Resources */,
				9E8AD8A0116129570058D37B /* feel.gif in Resources */,
				9E8AD8A611612B090058D37B /* want.gif in Resources */,
				9E8AD8A911612C530058D37B /* need.gif in Resources */,
				9EC47B4A1163760600F13D98 /* happy.jpg in Resources */,
				9EC47B4B1163760600F13D98 /* sad.jpg in Resources */,
				9EC47B4C1163760600F13D98 /* angry.jpg in Resources */,
				9EC47B7511638DB300F13D98 /* BoyGirlViewController.xib in Resources */,
				9EFC7BF81163D26500311073 /* boy_happy.mp3 in Resources */,
				9EFC7BF91163D26500311073 /* boy_sad.mp3 in Resources */,
				9EFC7BFA1163D26500311073 /* boy_angry.mp3 in Resources */,
				9EFC7BFB1163D26500311073 /* boy_drink.mp3 in Resources */,
				9EFC7BFC1163D26500311073 /* boy_eat.mp3 in Resources */,
				9EFC7BFD1163D26500311073 /* boy_bathroom.mp3 in Resources */,
				9EFC7BFE1163D26500311073 /* boy_break.mp3 in Resources */,
				9EFC7BFF1163D26500311073 /* boy_headache.mp3 in Resources */,
				9EFC7C001163D26500311073 /* boy_stomach.mp3 in Resources */,
				9EFC7C011163D26500311073 /* boy_cut.mp3 in Resources */,
				9EFC7C021163D26500311073 /* boy_tv.mp3 in Resources */,
				9EFC7C031163D26500311073 /* boy_play.mp3 in Resources */,
				9EFC7C041163D26500311073 /* boy_book.mp3 in Resources */,
				9EFC7C051163D26500311073 /* boy_computer.mp3 in Resources */,
				9EFC7C061163D26500311073 /* boy_chips.mp3 in Resources */,
				9EFC7C071163D26500311073 /* boy_cookie.mp3 in Resources */,
				9EFC7C081163D26500311073 /* boy_pretzel.mp3 in Resources */,
				9EFC7C091163D26500311073 /* boy_fruit.mp3 in Resources */,
				9EFC7C0A1163D26500311073 /* boy_milk.mp3 in Resources */,
				9EFC7C0B1163D26500311073 /* boy_water.mp3 in Resources */,
				9EFC7C111163D26F00311073 /* boy_juice.mp3 in Resources */,
				9EFC7C121163D26F00311073 /* boy_dinner.mp3 in Resources */,
				9EFC7C131163D26F00311073 /* boy_dessert.mp3 in Resources */,
				9EFC7C141163D26F00311073 /* boy_lunch.mp3 in Resources */,
				9EFC7C151163D26F00311073 /* boy_breakfast.mp3 in Resources */,
				9E0E665D11694F0A003A650C /* boy_soda.mp3 in Resources */,
				9E0E666011694F33003A650C /* girl_chips.mp3 in Resources */,
				9E13273E11695C1A00732629 /* girl_book.mp3 in Resources */,
				9E7E51B311838EA200048899 /* food.gif in Resources */,
				9E7E51B511838EAE00048899 /* drinks.gif in Resources */,
				9E7E51B711838EBA00048899 /* snacks.gif in Resources */,
				9E7E51B911838EC500048899 /* needhelp.gif in Resources */,
				9ECAEB84118690E6001072F3 /* dotdotdot.gif in Resources */,
				9E7548AD118D9E950054BAE8 /* icon.png in Resources */,
			);
			runOnlyForDeploymentPostprocessing = 0;
		};
/* End PBXResourcesBuildPhase section */

/* Begin PBXSourcesBuildPhase section */
		1D60588E0D05DD3D006BFB54 /* Sources */ = {
			isa = PBXSourcesBuildPhase;
			buildActionMask = 2147483647;
			files = (
				1D60589B0D05DD56006BFB54 /* main.m in Sources */,
				1D3623260D0F684500981E51 /* iInteractAppDelegate.m in Sources */,
				28C286E10D94DF7D0034E888 /* RootViewController.m in Sources */,
				9EA1A2D5115E4E110010B739 /* NeedViewController.m in Sources */,
				9EA1A2D8115E4E270010B739 /* NeedHelpViewController.m in Sources */,
				9EA1A2DB115E4E320010B739 /* WantViewController.m in Sources */,
				9EA1A2F9115E51380010B739 /* SnacksViewController.m in Sources */,
				9EA940A3115E823400D3CB44 /* FoodViewController.m in Sources */,
				9EA940BD115E82CF00D3CB44 /* DrinksViewController.m in Sources */,
				9EB6F6D6115EEA4400D303B9 /* PictureBaseViewController.m in Sources */,
				9EDCFB11115F5F7E0069D665 /* FeelViewController.m in Sources */,
				9E5A73FF11643EC9002C49CC /* BoyGirlViewController.m in Sources */,
			);
			runOnlyForDeploymentPostprocessing = 0;
		};
/* End PBXSourcesBuildPhase section */

/* Begin XCBuildConfiguration section */
		1D6058940D05DD3E006BFB54 /* Debug */ = {
			isa = XCBuildConfiguration;
			buildSettings = {
				ALWAYS_SEARCH_USER_PATHS = NO;
				CODE_SIGN_IDENTITY = "iPhone Developer";
				"CODE_SIGN_IDENTITY[sdk=iphoneos*]" = "iPhone Developer";
				COPY_PHASE_STRIP = NO;
				GCC_DYNAMIC_NO_PIC = NO;
				GCC_OPTIMIZATION_LEVEL = 0;
				GCC_PRECOMPILE_PREFIX_HEADER = YES;
				GCC_PREFIX_HEADER = iInteract_Prefix.pch;
				INFOPLIST_FILE = "iInteract-Info.plist";
				IPHONEOS_DEPLOYMENT_TARGET = 8.4;
				PRODUCT_BUNDLE_IDENTIFIER = com.ijaz.iInteract;
				PRODUCT_NAME = iInteract;
				PROVISIONING_PROFILE = "";
				"PROVISIONING_PROFILE[sdk=iphoneos*]" = "";
				SDKROOT = iphoneos;
				TARGETED_DEVICE_FAMILY = 1;
			};
			name = Debug;
		};
		1D6058950D05DD3E006BFB54 /* Release */ = {
			isa = XCBuildConfiguration;
			buildSettings = {
				ALWAYS_SEARCH_USER_PATHS = NO;
				CODE_SIGN_IDENTITY = "iPhone Developer";
				"CODE_SIGN_IDENTITY[sdk=iphoneos*]" = "iPhone Developer";
				COPY_PHASE_STRIP = YES;
				GCC_PRECOMPILE_PREFIX_HEADER = YES;
				GCC_PREFIX_HEADER = iInteract_Prefix.pch;
				INFOPLIST_FILE = "iInteract-Info.plist";
				IPHONEOS_DEPLOYMENT_TARGET = 8.4;
				PRODUCT_BUNDLE_IDENTIFIER = com.ijaz.iInteract;
				PRODUCT_NAME = iInteract;
				PROVISIONING_PROFILE = "";
				"PROVISIONING_PROFILE[sdk=iphoneos*]" = "";
				SDKROOT = iphoneos;
				TARGETED_DEVICE_FAMILY = 1;
			};
			name = Release;
		};
		9E75487F118D9A1F0054BAE8 /* Distribution */ = {
			isa = XCBuildConfiguration;
			buildSettings = {
				CODE_SIGN_IDENTITY = "iPhone Distribution";
				"CODE_SIGN_IDENTITY[sdk=iphoneos*]" = "iPhone Distribution";
				GCC_C_LANGUAGE_STANDARD = c99;
				GCC_WARN_ABOUT_RETURN_TYPE = YES;
				GCC_WARN_UNUSED_VARIABLE = YES;
				IPHONEOS_DEPLOYMENT_TARGET = 9.1;
				PROVISIONING_PROFILE = "";
				"PROVISIONING_PROFILE[sdk=iphoneos*]" = "";
				SDKROOT = iphoneos;
			};
			name = Distribution;
		};
		9E754880118D9A1F0054BAE8 /* Distribution */ = {
			isa = XCBuildConfiguration;
			buildSettings = {
				ALWAYS_SEARCH_USER_PATHS = NO;
				CODE_SIGN_IDENTITY = "iPhone Developer";
				"CODE_SIGN_IDENTITY[sdk=iphoneos*]" = "iPhone Developer";
				COPY_PHASE_STRIP = YES;
				GCC_PRECOMPILE_PREFIX_HEADER = YES;
				GCC_PREFIX_HEADER = iInteract_Prefix.pch;
				INFOPLIST_FILE = "iInteract-Info.plist";
				IPHONEOS_DEPLOYMENT_TARGET = 8.4;
				PRODUCT_BUNDLE_IDENTIFIER = com.ijaz.iInteract;
				PRODUCT_NAME = iInteract;
				PROVISIONING_PROFILE = "";
				"PROVISIONING_PROFILE[sdk=iphoneos*]" = "";
				SDKROOT = iphoneos;
				TARGETED_DEVICE_FAMILY = 1;
			};
			name = Distribution;
		};
		C01FCF4F08A954540054247B /* Debug */ = {
			isa = XCBuildConfiguration;
			buildSettings = {
				CODE_SIGN_IDENTITY = "iPhone Developer";
				"CODE_SIGN_IDENTITY[sdk=*]" = "iPhone Developer";
				ENABLE_TESTABILITY = YES;
				GCC_C_LANGUAGE_STANDARD = c99;
				GCC_WARN_ABOUT_RETURN_TYPE = YES;
				GCC_WARN_UNUSED_VARIABLE = YES;
				IPHONEOS_DEPLOYMENT_TARGET = 9.1;
				ONLY_ACTIVE_ARCH = YES;
				PROVISIONING_PROFILE = "";
				"PROVISIONING_PROFILE[sdk=*]" = "";
				SDKROOT = iphoneos;
			};
			name = Debug;
		};
		C01FCF5008A954540054247B /* Release */ = {
			isa = XCBuildConfiguration;
			buildSettings = {
				CODE_SIGN_IDENTITY = "iPhone Developer";
				"CODE_SIGN_IDENTITY[sdk=iphoneos*]" = "iPhone Distribution";
				GCC_C_LANGUAGE_STANDARD = c99;
				GCC_WARN_ABOUT_RETURN_TYPE = YES;
				GCC_WARN_UNUSED_VARIABLE = YES;
				IPHONEOS_DEPLOYMENT_TARGET = 9.1;
				PROVISIONING_PROFILE = "";
				"PROVISIONING_PROFILE[sdk=iphoneos*]" = "";
				SDKROOT = iphoneos;
			};
			name = Release;
		};
/* End XCBuildConfiguration section */

/* Begin XCConfigurationList section */
		1D6058960D05DD3E006BFB54 /* Build configuration list for PBXNativeTarget "iInteract" */ = {
			isa = XCConfigurationList;
			buildConfigurations = (
				1D6058940D05DD3E006BFB54 /* Debug */,
				1D6058950D05DD3E006BFB54 /* Release */,
				9E754880118D9A1F0054BAE8 /* Distribution */,
			);
			defaultConfigurationIsVisible = 0;
			defaultConfigurationName = Release;
		};
		C01FCF4E08A954540054247B /* Build configuration list for PBXProject "iInteract" */ = {
			isa = XCConfigurationList;
			buildConfigurations = (
				C01FCF4F08A954540054247B /* Debug */,
				C01FCF5008A954540054247B /* Release */,
				9E75487F118D9A1F0054BAE8 /* Distribution */,
			);
			defaultConfigurationIsVisible = 0;
			defaultConfigurationName = Release;
		};
/* End XCConfigurationList section */
	};
	rootObject = 29B97313FDCFA39411CA2CEA /* Project object */;
}
