// !$*UTF8*$!
{
	archiveVersion = 1;
	classes = {
	};
	objectVersion = 55;
	objects = {

/* Begin PBXBuildFile section */
		08D1A6BD4BC62C106EAD199A /* CloudKitPullCoordinator.swift in Sources */ = {isa = PBXBuildFile; fileRef = 98DC297F2C570004A31436BB /* CloudKitPullCoordinator.swift */; };
		0E56F87F7661E486CEDBEABF /* PINGateStateTests.swift in Sources */ = {isa = PBXBuildFile; fileRef = 067D93228E4B979FFE0ED22F /* PINGateStateTests.swift */; };
		1442F91FC1BA9FFD144C6C92 /* InteractionPlayer.swift in Sources */ = {isa = PBXBuildFile; fileRef = 1133ED5706E8A059CD0757B6 /* InteractionPlayer.swift */; };
		43CBAE10D633CF4A7C5982DE /* Foundation.framework in Frameworks */ = {isa = PBXBuildFile; fileRef = CDE697A3ED2572C2CA06A310 /* Foundation.framework */; };
		43F76A893A22B38EDED6E419 /* PanelListEditorViewController.swift in Sources */ = {isa = PBXBuildFile; fileRef = 5B762FE707B08EE2007F675B /* PanelListEditorViewController.swift */; };
		52301DD7FB854C8BFD1214C4 /* EventTests.swift in Sources */ = {isa = PBXBuildFile; fileRef = 3CB178082486BE0933CA3850 /* EventTests.swift */; };
		53D8A3939C85368B3CBB4765 /* CloudKitAssetStore.swift in Sources */ = {isa = PBXBuildFile; fileRef = 7270F46B20B1095307F938F3 /* CloudKitAssetStore.swift */; };
		552288CB68696415D0F02249 /* PanelStore.swift in Sources */ = {isa = PBXBuildFile; fileRef = 154AFF6CFD19463B4E90DA45 /* PanelStore.swift */; };
		5C9EA15278EC9EA8115DE8B4 /* InteractionEditorViewController.swift in Sources */ = {isa = PBXBuildFile; fileRef = 7B70393D00E813E93AD6591C /* InteractionEditorViewController.swift */; };
		6CA3EF377D5137A01401F5E4 /* PINGateViewController.swift in Sources */ = {isa = PBXBuildFile; fileRef = 9C2EE76EC3CF464605173BCE /* PINGateViewController.swift */; };
		6D0D7D731BFBE3C1002B9090 /* AppDelegate.swift in Sources */ = {isa = PBXBuildFile; fileRef = 6D0D7D721BFBE3C1002B9090 /* AppDelegate.swift */; };
		6D0D7D781BFBE3C1002B9090 /* Main.storyboard in Resources */ = {isa = PBXBuildFile; fileRef = 6D0D7D761BFBE3C1002B9090 /* Main.storyboard */; };
		6D0D7D7A1BFBE3C1002B9090 /* Assets.xcassets in Resources */ = {isa = PBXBuildFile; fileRef = 6D0D7D791BFBE3C1002B9090 /* Assets.xcassets */; };
		6D0D7D7D1BFBE3C1002B9090 /* LaunchScreen.storyboard in Resources */ = {isa = PBXBuildFile; fileRef = 6D0D7D7B1BFBE3C1002B9090 /* LaunchScreen.storyboard */; };
		6D0D7D881BFBE3C1002B9090 /* iInteractTests.swift in Sources */ = {isa = PBXBuildFile; fileRef = 6D0D7D871BFBE3C1002B9090 /* iInteractTests.swift */; };
		6D0D7D951BFBEE8B002B9090 /* FeelingTableViewController.swift in Sources */ = {isa = PBXBuildFile; fileRef = 6D0D7D941BFBEE8B002B9090 /* FeelingTableViewController.swift */; };
		6D0D7D971BFBEF46002B9090 /* Panel.swift in Sources */ = {isa = PBXBuildFile; fileRef = 6D0D7D961BFBEF46002B9090 /* Panel.swift */; };
		6D0D7D9A1BFBEF53002B9090 /* Interaction.swift in Sources */ = {isa = PBXBuildFile; fileRef = 6D0D7D991BFBEF53002B9090 /* Interaction.swift */; };
		6D3A77F81C174E5E0007ED22 /* InteractionInterfaceController.swift in Sources */ = {isa = PBXBuildFile; fileRef = 6D3A77F71C174E5E0007ED22 /* InteractionInterfaceController.swift */; };
		6D428DC51C093A3700ECC7D9 /* sounds in Resources */ = {isa = PBXBuildFile; fileRef = 6D428DC41C093A3700ECC7D9 /* sounds */; };
		6D428DC91C093B6400ECC7D9 /* PanelViewController.swift in Sources */ = {isa = PBXBuildFile; fileRef = 6D428DC81C093B6400ECC7D9 /* PanelViewController.swift */; };
		6D50AD801C08DD6C001174CA /* Settings.bundle in Resources */ = {isa = PBXBuildFile; fileRef = 6D50AD7F1C08DD6C001174CA /* Settings.bundle */; };
		6D8DD4271C161B24009C7AFB /* Assets.xcassets in Resources */ = {isa = PBXBuildFile; fileRef = 6D0D7D791BFBE3C1002B9090 /* Assets.xcassets */; };
		6D8DD42A1C162CC6009C7AFB /* events.plist in Resources */ = {isa = PBXBuildFile; fileRef = 6DDBF9D11C125E580094C150 /* events.plist */; };
		6D8DD42C1C162E5C009C7AFB /* Interaction.swift in Sources */ = {isa = PBXBuildFile; fileRef = 6D0D7D991BFBEF53002B9090 /* Interaction.swift */; };
		6D8DD4311C162F9D009C7AFB /* panels.plist in Resources */ = {isa = PBXBuildFile; fileRef = 6D8DD4301C162F9D009C7AFB /* panels.plist */; };
		6D8DD4321C162F9D009C7AFB /* panels.plist in Resources */ = {isa = PBXBuildFile; fileRef = 6D8DD4301C162F9D009C7AFB /* panels.plist */; };
		6D8DD4341C164336009C7AFB /* Panel.swift in Sources */ = {isa = PBXBuildFile; fileRef = 6D0D7D961BFBEF46002B9090 /* Panel.swift */; };
		6D8DD4371C1644A1009C7AFB /* PanelRow.swift in Sources */ = {isa = PBXBuildFile; fileRef = 6D8DD4351C1644A1009C7AFB /* PanelRow.swift */; };
		6D8DD43B1C165BD3009C7AFB /* PanelController.swift in Sources */ = {isa = PBXBuildFile; fileRef = 6D8DD43A1C165BD3009C7AFB /* PanelController.swift */; };
		6DDAB9201C093C690089FBF9 /* FeelingTableViewCell.swift in Sources */ = {isa = PBXBuildFile; fileRef = 6DDAB91F1C093C690089FBF9 /* FeelingTableViewCell.swift */; };
		6DDBF9CC1C125BC30094C150 /* Event.swift in Sources */ = {isa = PBXBuildFile; fileRef = 6DDBF9CB1C125BC30094C150 /* Event.swift */; };
		6DDBF9D21C125E580094C150 /* events.plist in Resources */ = {isa = PBXBuildFile; fileRef = 6DDBF9D11C125E580094C150 /* events.plist */; };
		6DDF8DE91C1207B100A156E5 /* Interface.storyboard in Resources */ = {isa = PBXBuildFile; fileRef = 6DDF8DE71C1207B100A156E5 /* Interface.storyboard */; };
		6DDF8DEB1C1207B100A156E5 /* Assets.xcassets in Resources */ = {isa = PBXBuildFile; fileRef = 6DDF8DEA1C1207B100A156E5 /* Assets.xcassets */; };
		6DDF8DF91C1207B100A156E5 /* InterfaceController.swift in Sources */ = {isa = PBXBuildFile; fileRef = 6DDF8DF81C1207B100A156E5 /* InterfaceController.swift */; };
		6DDF8DFB1C1207B100A156E5 /* ExtensionDelegate.swift in Sources */ = {isa = PBXBuildFile; fileRef = 6DDF8DFA1C1207B100A156E5 /* ExtensionDelegate.swift */; };
		6DDF8E031C1207B100A156E5 /* Assets.xcassets in Resources */ = {isa = PBXBuildFile; fileRef = 6DDF8E021C1207B100A156E5 /* Assets.xcassets */; };
		6DDF8E071C1207B100A156E5 /* iInteractWatch.app in Embed Watch Content */ = {isa = PBXBuildFile; fileRef = 6DDF8DE51C1207B100A156E5 /* iInteractWatch.app */; platformFilter = ios; };
		88EB04F5EED703017E400BF7 /* CustomPanelViewController.swift in Sources */ = {isa = PBXBuildFile; fileRef = DFB7D8F1EB6BAA4A96A6C425 /* CustomPanelViewController.swift */; };
		892736F9D0E524A51B25F438 /* ConfigurationMode.swift in Sources */ = {isa = PBXBuildFile; fileRef = F253757A749E8FD593465BF6 /* ConfigurationMode.swift */; };
		931E861BDAC2582EB1F53663 /* PushQueue.swift in Sources */ = {isa = PBXBuildFile; fileRef = F0D83D254B32B5F181B1F0C0 /* PushQueue.swift */; };
		9DDF76F1E4611F1E0EEFD47C /* CloudKitDatabase.swift in Sources */ = {isa = PBXBuildFile; fileRef = F6C5DF71309AB72CF8DC1D2E /* CloudKitDatabase.swift */; };
		A31BA1116ED59568679E500D /* PanelStoreTests.swift in Sources */ = {isa = PBXBuildFile; fileRef = FD0089B9790338601ADA2628 /* PanelStoreTests.swift */; };
		A9BB4479780F6D2972579977 /* Event.swift in Sources */ = {isa = PBXBuildFile; fileRef = 6DDBF9CB1C125BC30094C150 /* Event.swift */; };
		AC476E8474E21D444F8D2219 /* PanelLoader.swift in Sources */ = {isa = PBXBuildFile; fileRef = 8D688FAA1636C6707018308F /* PanelLoader.swift */; };
		DB88F1A4E16B06812FC73CE2 /* CloudKitRecordConversions.swift in Sources */ = {isa = PBXBuildFile; fileRef = A4FD0B327E62E9D587F4CDEA /* CloudKitRecordConversions.swift */; };
		DC6BBC863F22467DBB1099B2 /* Foundation.framework in Frameworks */ = {isa = PBXBuildFile; fileRef = 16A3469CB843E09A111BEC04 /* Foundation.framework */; };
		E366C6CA702E99AFB19C2E54 /* PINGate.swift in Sources */ = {isa = PBXBuildFile; fileRef = EE3FBE4ABFF95A8A93243304 /* PINGate.swift */; };
		E387399ECC7BBE8934F2C3BD /* PanelEditorViewController.swift in Sources */ = {isa = PBXBuildFile; fileRef = 71249E12D37A531DD6FFF690 /* PanelEditorViewController.swift */; };
		E409F84B90774C306773919D /* TrashViewController.swift in Sources */ = {isa = PBXBuildFile; fileRef = 948C3F6D42C555364F9C25FA /* TrashViewController.swift */; };
		E73FBA0D861A3B54CA9F4BD4 /* WatchSync.swift in Sources */ = {isa = PBXBuildFile; fileRef = E8E66F726B2D4B5EB44AA716 /* WatchSync.swift */; };
		E8238E4F6B2868DAE2439170 /* PlaybackTests.swift in Sources */ = {isa = PBXBuildFile; fileRef = D6FEDFCEA4D5BFB657A3936B /* PlaybackTests.swift */; };
		EE4537F6E0A217A1FCC32146 /* AssetStore.swift in Sources */ = {isa = PBXBuildFile; fileRef = 3F76A89D7F9825DE3A86F06A /* AssetStore.swift */; };
		FA69869249842A76B5EC8C54 /* iInteractUITests.swift in Sources */ = {isa = PBXBuildFile; fileRef = 28E4633EED6B838FD6B63CCB /* iInteractUITests.swift */; };
		FACAC551C65BE9171D548CEC /* CloudKitPushDrainer.swift in Sources */ = {isa = PBXBuildFile; fileRef = AE588B35B043E2E2412FABC1 /* CloudKitPushDrainer.swift */; };
/* End PBXBuildFile section */

/* Begin PBXContainerItemProxy section */
		4EF930242C41C7846969E3AD /* PBXContainerItemProxy */ = {
			isa = PBXContainerItemProxy;
			containerPortal = 6D0D7D671BFBE3C1002B9090 /* Project object */;
			proxyType = 1;
			remoteGlobalIDString = 6D0D7D6E1BFBE3C1002B9090;
			remoteInfo = iInteract;
		};
		6D0D7D841BFBE3C1002B9090 /* PBXContainerItemProxy */ = {
			isa = PBXContainerItemProxy;
			containerPortal = 6D0D7D671BFBE3C1002B9090 /* Project object */;
			proxyType = 1;
			remoteGlobalIDString = 6D0D7D6E1BFBE3C1002B9090;
			remoteInfo = iInteract;
		};
		6DDF8E051C1207B100A156E5 /* PBXContainerItemProxy */ = {
			isa = PBXContainerItemProxy;
			containerPortal = 6D0D7D671BFBE3C1002B9090 /* Project object */;
			proxyType = 1;
			remoteGlobalIDString = 6DDF8DE41C1207B100A156E5;
			remoteInfo = iInteractWatch;
		};
/* End PBXContainerItemProxy section */

/* Begin PBXCopyFilesBuildPhase section */
		6DDF8E0F1C1207B100A156E5 /* Embed Watch Content */ = {
			isa = PBXCopyFilesBuildPhase;
			buildActionMask = 2147483647;
			dstPath = "$(CONTENTS_FOLDER_PATH)/Watch";
			dstSubfolderSpec = 16;
			files = (
				6DDF8E071C1207B100A156E5 /* iInteractWatch.app in Embed Watch Content */,
			);
			name = "Embed Watch Content";
			runOnlyForDeploymentPostprocessing = 0;
		};
/* End PBXCopyFilesBuildPhase section */

/* Begin PBXFileReference section */
		067D93228E4B979FFE0ED22F /* PINGateStateTests.swift */ = {isa = PBXFileReference; includeInIndex = 1; lastKnownFileType = sourcecode.swift; path = PINGateStateTests.swift; sourceTree = "<group>"; };
		1133ED5706E8A059CD0757B6 /* InteractionPlayer.swift */ = {isa = PBXFileReference; includeInIndex = 1; lastKnownFileType = sourcecode.swift; path = InteractionPlayer.swift; sourceTree = "<group>"; };
		154AFF6CFD19463B4E90DA45 /* PanelStore.swift */ = {isa = PBXFileReference; includeInIndex = 1; lastKnownFileType = sourcecode.swift; path = PanelStore.swift; sourceTree = "<group>"; };
		16A3469CB843E09A111BEC04 /* Foundation.framework */ = {isa = PBXFileReference; lastKnownFileType = wrapper.framework; name = Foundation.framework; path = Platforms/WatchOS.platform/Developer/SDKs/WatchOS11.0.sdk/System/Library/Frameworks/Foundation.framework; sourceTree = DEVELOPER_DIR; };
		28E4633EED6B838FD6B63CCB /* iInteractUITests.swift */ = {isa = PBXFileReference; includeInIndex = 1; lastKnownFileType = sourcecode.swift; path = iInteractUITests.swift; sourceTree = "<group>"; };
		2DD3B51CACC0DBA9B48C8A8C /* iInteractUITests.xctest */ = {isa = PBXFileReference; explicitFileType = wrapper.cfbundle; includeInIndex = 0; path = iInteractUITests.xctest; sourceTree = BUILT_PRODUCTS_DIR; };
		3A9BE4FB80B5FFA7D3610682 /* iInteractWatchTests.xctest */ = {isa = PBXFileReference; explicitFileType = wrapper.cfbundle; includeInIndex = 0; path = iInteractWatchTests.xctest; sourceTree = BUILT_PRODUCTS_DIR; };
		3CB178082486BE0933CA3850 /* EventTests.swift */ = {isa = PBXFileReference; includeInIndex = 1; lastKnownFileType = sourcecode.swift; path = EventTests.swift; sourceTree = "<group>"; };
		3F76A89D7F9825DE3A86F06A /* AssetStore.swift */ = {isa = PBXFileReference; includeInIndex = 1; lastKnownFileType = sourcecode.swift; path = AssetStore.swift; sourceTree = "<group>"; };
		5B762FE707B08EE2007F675B /* PanelListEditorViewController.swift */ = {isa = PBXFileReference; includeInIndex = 1; lastKnownFileType = sourcecode.swift; path = PanelListEditorViewController.swift; sourceTree = "<group>"; };
		6D0D7D6F1BFBE3C1002B9090 /* iInteract.app */ = {isa = PBXFileReference; explicitFileType = wrapper.application; includeInIndex = 0; path = iInteract.app; sourceTree = BUILT_PRODUCTS_DIR; };
		6D0D7D721BFBE3C1002B9090 /* AppDelegate.swift */ = {isa = PBXFileReference; lastKnownFileType = sourcecode.swift; path = AppDelegate.swift; sourceTree = "<group>"; };
		6D0D7D771BFBE3C1002B9090 /* Base */ = {isa = PBXFileReference; lastKnownFileType = file.storyboard; name = Base; path = Base.lproj/Main.storyboard; sourceTree = "<group>"; };
		6D0D7D791BFBE3C1002B9090 /* Assets.xcassets */ = {isa = PBXFileReference; lastKnownFileType = folder.assetcatalog; path = Assets.xcassets; sourceTree = "<group>"; };
		6D0D7D7C1BFBE3C1002B9090 /* Base */ = {isa = PBXFileReference; lastKnownFileType = file.storyboard; name = Base; path = Base.lproj/LaunchScreen.storyboard; sourceTree = "<group>"; };
		6D0D7D7E1BFBE3C1002B9090 /* Info.plist */ = {isa = PBXFileReference; lastKnownFileType = text.plist.xml; path = Info.plist; sourceTree = "<group>"; };
		6D0D7D831BFBE3C1002B9090 /* iInteractTests.xctest */ = {isa = PBXFileReference; explicitFileType = wrapper.cfbundle; includeInIndex = 0; path = iInteractTests.xctest; sourceTree = BUILT_PRODUCTS_DIR; };
		6D0D7D871BFBE3C1002B9090 /* iInteractTests.swift */ = {isa = PBXFileReference; lastKnownFileType = sourcecode.swift; path = iInteractTests.swift; sourceTree = "<group>"; };
		6D0D7D891BFBE3C1002B9090 /* Info.plist */ = {isa = PBXFileReference; lastKnownFileType = text.plist.xml; path = Info.plist; sourceTree = "<group>"; };
		6D0D7D941BFBEE8B002B9090 /* FeelingTableViewController.swift */ = {isa = PBXFileReference; fileEncoding = 4; lastKnownFileType = sourcecode.swift; path = FeelingTableViewController.swift; sourceTree = "<group>"; };
		6D0D7D961BFBEF46002B9090 /* Panel.swift */ = {isa = PBXFileReference; fileEncoding = 4; lastKnownFileType = sourcecode.swift; path = Panel.swift; sourceTree = "<group>"; };
		6D0D7D991BFBEF53002B9090 /* Interaction.swift */ = {isa = PBXFileReference; fileEncoding = 4; lastKnownFileType = sourcecode.swift; path = Interaction.swift; sourceTree = "<group>"; };
		6D3A77F71C174E5E0007ED22 /* InteractionInterfaceController.swift */ = {isa = PBXFileReference; fileEncoding = 4; lastKnownFileType = sourcecode.swift; path = InteractionInterfaceController.swift; sourceTree = "<group>"; };
		6D428DC41C093A3700ECC7D9 /* sounds */ = {isa = PBXFileReference; lastKnownFileType = folder; path = sounds; sourceTree = "<group>"; };
		6D428DC81C093B6400ECC7D9 /* PanelViewController.swift */ = {isa = PBXFileReference; fileEncoding = 4; lastKnownFileType = sourcecode.swift; path = PanelViewController.swift; sourceTree = "<group>"; };
		6D50AD7F1C08DD6C001174CA /* Settings.bundle */ = {isa = PBXFileReference; lastKnownFileType = "wrapper.plug-in"; name = Settings.bundle; path = ../Settings.bundle; sourceTree = "<group>"; };
		6D8DD4301C162F9D009C7AFB /* panels.plist */ = {isa = PBXFileReference; fileEncoding = 4; lastKnownFileType = text.plist.xml; path = panels.plist; sourceTree = "<group>"; };
		6D8DD4351C1644A1009C7AFB /* PanelRow.swift */ = {isa = PBXFileReference; fileEncoding = 4; lastKnownFileType = sourcecode.swift; path = PanelRow.swift; sourceTree = "<group>"; };
		6D8DD43A1C165BD3009C7AFB /* PanelController.swift */ = {isa = PBXFileReference; fileEncoding = 4; lastKnownFileType = sourcecode.swift; path = PanelController.swift; sourceTree = "<group>"; };
		6D9A0AC12534085E0062E205 /* iInteract.entitlements */ = {isa = PBXFileReference; lastKnownFileType = text.plist.entitlements; path = iInteract.entitlements; sourceTree = "<group>"; };
		6DDAB91F1C093C690089FBF9 /* FeelingTableViewCell.swift */ = {isa = PBXFileReference; fileEncoding = 4; lastKnownFileType = sourcecode.swift; path = FeelingTableViewCell.swift; sourceTree = "<group>"; };
		6DDBF9CB1C125BC30094C150 /* Event.swift */ = {isa = PBXFileReference; fileEncoding = 4; lastKnownFileType = sourcecode.swift; name = Event.swift; path = "iInteractWatch Extension/Event.swift"; sourceTree = SOURCE_ROOT; };
		6DDBF9D11C125E580094C150 /* events.plist */ = {isa = PBXFileReference; fileEncoding = 4; lastKnownFileType = text.plist.xml; name = events.plist; path = "iInteractWatch Extension/events.plist"; sourceTree = SOURCE_ROOT; };
		6DDF8DE51C1207B100A156E5 /* iInteractWatch.app */ = {isa = PBXFileReference; explicitFileType = wrapper.application; includeInIndex = 0; path = iInteractWatch.app; sourceTree = BUILT_PRODUCTS_DIR; };
		6DDF8DE81C1207B100A156E5 /* Base */ = {isa = PBXFileReference; lastKnownFileType = file.storyboard; name = Base; path = Base.lproj/Interface.storyboard; sourceTree = "<group>"; };
		6DDF8DEA1C1207B100A156E5 /* Assets.xcassets */ = {isa = PBXFileReference; lastKnownFileType = folder.assetcatalog; path = Assets.xcassets; sourceTree = "<group>"; };
		6DDF8DEC1C1207B100A156E5 /* Info.plist */ = {isa = PBXFileReference; lastKnownFileType = text.plist.xml; path = Info.plist; sourceTree = "<group>"; };
		6DDF8DF71C1207B100A156E5 /* PushNotificationPayload.apns */ = {isa = PBXFileReference; lastKnownFileType = text; path = PushNotificationPayload.apns; sourceTree = "<group>"; };
		6DDF8DF81C1207B100A156E5 /* InterfaceController.swift */ = {isa = PBXFileReference; lastKnownFileType = sourcecode.swift; path = InterfaceController.swift; sourceTree = "<group>"; };
		6DDF8DFA1C1207B100A156E5 /* ExtensionDelegate.swift */ = {isa = PBXFileReference; lastKnownFileType = sourcecode.swift; path = ExtensionDelegate.swift; sourceTree = "<group>"; };
		6DDF8E021C1207B100A156E5 /* Assets.xcassets */ = {isa = PBXFileReference; lastKnownFileType = folder.assetcatalog; path = Assets.xcassets; sourceTree = "<group>"; };
		6DDF8E041C1207B100A156E5 /* Info.plist */ = {isa = PBXFileReference; lastKnownFileType = text.plist.xml; name = Info.plist; path = "iInteractWatch Extension/Info.plist"; sourceTree = SOURCE_ROOT; };
		71249E12D37A531DD6FFF690 /* PanelEditorViewController.swift */ = {isa = PBXFileReference; includeInIndex = 1; lastKnownFileType = sourcecode.swift; path = PanelEditorViewController.swift; sourceTree = "<group>"; };
		7270F46B20B1095307F938F3 /* CloudKitAssetStore.swift */ = {isa = PBXFileReference; includeInIndex = 1; lastKnownFileType = sourcecode.swift; path = CloudKitAssetStore.swift; sourceTree = "<group>"; };
		7B70393D00E813E93AD6591C /* InteractionEditorViewController.swift */ = {isa = PBXFileReference; includeInIndex = 1; lastKnownFileType = sourcecode.swift; path = InteractionEditorViewController.swift; sourceTree = "<group>"; };
		8D688FAA1636C6707018308F /* PanelLoader.swift */ = {isa = PBXFileReference; includeInIndex = 1; lastKnownFileType = sourcecode.swift; path = PanelLoader.swift; sourceTree = "<group>"; };
		948C3F6D42C555364F9C25FA /* TrashViewController.swift */ = {isa = PBXFileReference; includeInIndex = 1; lastKnownFileType = sourcecode.swift; path = TrashViewController.swift; sourceTree = "<group>"; };
		98DC297F2C570004A31436BB /* CloudKitPullCoordinator.swift */ = {isa = PBXFileReference; includeInIndex = 1; lastKnownFileType = sourcecode.swift; path = CloudKitPullCoordinator.swift; sourceTree = "<group>"; };
		9C2EE76EC3CF464605173BCE /* PINGateViewController.swift */ = {isa = PBXFileReference; includeInIndex = 1; lastKnownFileType = sourcecode.swift; path = PINGateViewController.swift; sourceTree = "<group>"; };
		A4FD0B327E62E9D587F4CDEA /* CloudKitRecordConversions.swift */ = {isa = PBXFileReference; includeInIndex = 1; lastKnownFileType = sourcecode.swift; path = CloudKitRecordConversions.swift; sourceTree = "<group>"; };
		AE588B35B043E2E2412FABC1 /* CloudKitPushDrainer.swift */ = {isa = PBXFileReference; includeInIndex = 1; lastKnownFileType = sourcecode.swift; path = CloudKitPushDrainer.swift; sourceTree = "<group>"; };
		CDE697A3ED2572C2CA06A310 /* Foundation.framework */ = {isa = PBXFileReference; lastKnownFileType = wrapper.framework; name = Foundation.framework; path = Platforms/iPhoneOS.platform/Developer/SDKs/iPhoneOS18.0.sdk/System/Library/Frameworks/Foundation.framework; sourceTree = DEVELOPER_DIR; };
		D6FEDFCEA4D5BFB657A3936B /* PlaybackTests.swift */ = {isa = PBXFileReference; includeInIndex = 1; lastKnownFileType = sourcecode.swift; path = PlaybackTests.swift; sourceTree = "<group>"; };
		DFB7D8F1EB6BAA4A96A6C425 /* CustomPanelViewController.swift */ = {isa = PBXFileReference; includeInIndex = 1; lastKnownFileType = sourcecode.swift; path = CustomPanelViewController.swift; sourceTree = "<group>"; };
		E8E66F726B2D4B5EB44AA716 /* WatchSync.swift */ = {isa = PBXFileReference; includeInIndex = 1; lastKnownFileType = sourcecode.swift; path = WatchSync.swift; sourceTree = "<group>"; };
		EE3FBE4ABFF95A8A93243304 /* PINGate.swift */ = {isa = PBXFileReference; includeInIndex = 1; lastKnownFileType = sourcecode.swift; path = PINGate.swift; sourceTree = "<group>"; };
		F0D83D254B32B5F181B1F0C0 /* PushQueue.swift */ = {isa = PBXFileReference; includeInIndex = 1; lastKnownFileType = sourcecode.swift; path = PushQueue.swift; sourceTree = "<group>"; };
		F253757A749E8FD593465BF6 /* ConfigurationMode.swift */ = {isa = PBXFileReference; includeInIndex = 1; lastKnownFileType = sourcecode.swift; path = ConfigurationMode.swift; sourceTree = "<group>"; };
		F6C5DF71309AB72CF8DC1D2E /* CloudKitDatabase.swift */ = {isa = PBXFileReference; includeInIndex = 1; lastKnownFileType = sourcecode.swift; path = CloudKitDatabase.swift; sourceTree = "<group>"; };
		F8E334F239ADB4B4DB9454F9 /* Info.plist */ = {isa = PBXFileReference; includeInIndex = 1; lastKnownFileType = text.plist.xml; path = Info.plist; sourceTree = "<group>"; };
		FD0089B9790338601ADA2628 /* PanelStoreTests.swift */ = {isa = PBXFileReference; includeInIndex = 1; lastKnownFileType = sourcecode.swift; path = PanelStoreTests.swift; sourceTree = "<group>"; };
/* End PBXFileReference section */

/* Begin PBXFrameworksBuildPhase section */
		40A48282456D12F9C3ED602F /* Frameworks */ = {
			isa = PBXFrameworksBuildPhase;
			buildActionMask = 2147483647;
			files = (
				43CBAE10D633CF4A7C5982DE /* Foundation.framework in Frameworks */,
			);
			runOnlyForDeploymentPostprocessing = 0;
		};
		6D0D7D6C1BFBE3C1002B9090 /* Frameworks */ = {
			isa = PBXFrameworksBuildPhase;
			buildActionMask = 2147483647;
			files = (
			);
			runOnlyForDeploymentPostprocessing = 0;
		};
		6D0D7D801BFBE3C1002B9090 /* Frameworks */ = {
			isa = PBXFrameworksBuildPhase;
			buildActionMask = 2147483647;
			files = (
			);
			runOnlyForDeploymentPostprocessing = 0;
		};
		6DDF8DEE1C1207B100A156E5 /* Frameworks */ = {
			isa = PBXFrameworksBuildPhase;
			buildActionMask = 2147483647;
			files = (
			);
			runOnlyForDeploymentPostprocessing = 0;
		};
		B33D930B5027DB764874B5AC /* Frameworks */ = {
			isa = PBXFrameworksBuildPhase;
			buildActionMask = 2147483647;
			files = (
				DC6BBC863F22467DBB1099B2 /* Foundation.framework in Frameworks */,
			);
			runOnlyForDeploymentPostprocessing = 0;
		};
/* End PBXFrameworksBuildPhase section */

/* Begin PBXGroup section */
		04ECE9294CA515C4E0A61471 /* watchOS */ = {
			isa = PBXGroup;
			children = (
				16A3469CB843E09A111BEC04 /* Foundation.framework */,
			);
			name = watchOS;
			sourceTree = "<group>";
		};
		1AA5F3F85544A9B3FF25D1B1 /* iOS */ = {
			isa = PBXGroup;
			children = (
				CDE697A3ED2572C2CA06A310 /* Foundation.framework */,
			);
			name = iOS;
			sourceTree = "<group>";
		};
		454F16D57DB7A077D38E32E9 /* iInteractUITests */ = {
			isa = PBXGroup;
			children = (
				28E4633EED6B838FD6B63CCB /* iInteractUITests.swift */,
			);
			path = iInteractUITests;
			sourceTree = "<group>";
		};
		6D0D7D661BFBE3C1002B9090 = {
			isa = PBXGroup;
			children = (
				6D0D7D711BFBE3C1002B9090 /* iInteract */,
				6D0D7D861BFBE3C1002B9090 /* iInteractTests */,
				6DDF8DE61C1207B100A156E5 /* iInteractWatch */,
				6DDF8DF51C1207B100A156E5 /* iInteractWatch Extension */,
				6D0D7D701BFBE3C1002B9090 /* Products */,
				9B614405938AAA4304E5F199 /* Frameworks */,
				454F16D57DB7A077D38E32E9 /* iInteractUITests */,
				6D74D4F6FB3F36BEE733AA18 /* iInteractWatchTests */,
			);
			sourceTree = "<group>";
		};
		6D0D7D701BFBE3C1002B9090 /* Products */ = {
			isa = PBXGroup;
			children = (
				6D0D7D6F1BFBE3C1002B9090 /* iInteract.app */,
				6D0D7D831BFBE3C1002B9090 /* iInteractTests.xctest */,
				6DDF8DE51C1207B100A156E5 /* iInteractWatch.app */,
				2DD3B51CACC0DBA9B48C8A8C /* iInteractUITests.xctest */,
				3A9BE4FB80B5FFA7D3610682 /* iInteractWatchTests.xctest */,
			);
			name = Products;
			sourceTree = "<group>";
		};
		6D0D7D711BFBE3C1002B9090 /* iInteract */ = {
			isa = PBXGroup;
			children = (
				6D9A0AC12534085E0062E205 /* iInteract.entitlements */,
				6DDBF9D11C125E580094C150 /* events.plist */,
				6DDBF9CB1C125BC30094C150 /* Event.swift */,
				6D8DD4301C162F9D009C7AFB /* panels.plist */,
				6D428DC41C093A3700ECC7D9 /* sounds */,
				6D0D7D941BFBEE8B002B9090 /* FeelingTableViewController.swift */,
				6DDAB91F1C093C690089FBF9 /* FeelingTableViewCell.swift */,
				6D428DC81C093B6400ECC7D9 /* PanelViewController.swift */,
				6D0D7D961BFBEF46002B9090 /* Panel.swift */,
				6D0D7D991BFBEF53002B9090 /* Interaction.swift */,
				6D0D7D721BFBE3C1002B9090 /* AppDelegate.swift */,
				6D0D7D761BFBE3C1002B9090 /* Main.storyboard */,
				6D0D7D791BFBE3C1002B9090 /* Assets.xcassets */,
				6D0D7D7B1BFBE3C1002B9090 /* LaunchScreen.storyboard */,
				6D0D7D7E1BFBE3C1002B9090 /* Info.plist */,
				6D50AD7F1C08DD6C001174CA /* Settings.bundle */,
				F253757A749E8FD593465BF6 /* ConfigurationMode.swift */,
				154AFF6CFD19463B4E90DA45 /* PanelStore.swift */,
				8D688FAA1636C6707018308F /* PanelLoader.swift */,
				5B762FE707B08EE2007F675B /* PanelListEditorViewController.swift */,
				1133ED5706E8A059CD0757B6 /* InteractionPlayer.swift */,
				DFB7D8F1EB6BAA4A96A6C425 /* CustomPanelViewController.swift */,
				71249E12D37A531DD6FFF690 /* PanelEditorViewController.swift */,
				7B70393D00E813E93AD6591C /* InteractionEditorViewController.swift */,
				9C2EE76EC3CF464605173BCE /* PINGateViewController.swift */,
				E8E66F726B2D4B5EB44AA716 /* WatchSync.swift */,
				948C3F6D42C555364F9C25FA /* TrashViewController.swift */,
				EE3FBE4ABFF95A8A93243304 /* PINGate.swift */,
				3F76A89D7F9825DE3A86F06A /* AssetStore.swift */,
				F0D83D254B32B5F181B1F0C0 /* PushQueue.swift */,
				F6C5DF71309AB72CF8DC1D2E /* CloudKitDatabase.swift */,
				A4FD0B327E62E9D587F4CDEA /* CloudKitRecordConversions.swift */,
				7270F46B20B1095307F938F3 /* CloudKitAssetStore.swift */,
				AE588B35B043E2E2412FABC1 /* CloudKitPushDrainer.swift */,
				98DC297F2C570004A31436BB /* CloudKitPullCoordinator.swift */,
			);
			path = iInteract;
			sourceTree = "<group>";
		};
		6D0D7D861BFBE3C1002B9090 /* iInteractTests */ = {
			isa = PBXGroup;
			children = (
				6D0D7D871BFBE3C1002B9090 /* iInteractTests.swift */,
				6D0D7D891BFBE3C1002B9090 /* Info.plist */,
				FD0089B9790338601ADA2628 /* PanelStoreTests.swift */,
				D6FEDFCEA4D5BFB657A3936B /* PlaybackTests.swift */,
				067D93228E4B979FFE0ED22F /* PINGateStateTests.swift */,
			);
			path = iInteractTests;
			sourceTree = "<group>";
		};
		6D74D4F6FB3F36BEE733AA18 /* iInteractWatchTests */ = {
			isa = PBXGroup;
			children = (
				3CB178082486BE0933CA3850 /* EventTests.swift */,
				F8E334F239ADB4B4DB9454F9 /* Info.plist */,
			);
			name = iInteractWatchTests;
			path = iInteractWatchTests;
			sourceTree = "<group>";
		};
		6DDF8DE61C1207B100A156E5 /* iInteractWatch */ = {
			isa = PBXGroup;
			children = (
				6DDF8DE71C1207B100A156E5 /* Interface.storyboard */,
				6DDF8DEA1C1207B100A156E5 /* Assets.xcassets */,
				6DDF8DEC1C1207B100A156E5 /* Info.plist */,
			);
			path = iInteractWatch;
			sourceTree = "<group>";
		};
		6DDF8DF51C1207B100A156E5 /* iInteractWatch Extension */ = {
			isa = PBXGroup;
			children = (
				6DDF8E041C1207B100A156E5 /* Info.plist */,
				6D3A77F71C174E5E0007ED22 /* InteractionInterfaceController.swift */,
				6D8DD43A1C165BD3009C7AFB /* PanelController.swift */,
				6D8DD4351C1644A1009C7AFB /* PanelRow.swift */,
				6DDF8DF81C1207B100A156E5 /* InterfaceController.swift */,
				6DDF8DFA1C1207B100A156E5 /* ExtensionDelegate.swift */,
				6DDF8E021C1207B100A156E5 /* Assets.xcassets */,
				6DDF8DF61C1207B100A156E5 /* Supporting Files */,
			);
			path = "iInteractWatch Extension";
			sourceTree = "<group>";
		};
		6DDF8DF61C1207B100A156E5 /* Supporting Files */ = {
			isa = PBXGroup;
			children = (
				6DDF8DF71C1207B100A156E5 /* PushNotificationPayload.apns */,
			);
			name = "Supporting Files";
			sourceTree = "<group>";
		};
		9B614405938AAA4304E5F199 /* Frameworks */ = {
			isa = PBXGroup;
			children = (
				1AA5F3F85544A9B3FF25D1B1 /* iOS */,
				04ECE9294CA515C4E0A61471 /* watchOS */,
			);
			name = Frameworks;
			sourceTree = "<group>";
		};
/* End PBXGroup section */

/* Begin PBXNativeTarget section */
		25C0A469689383B99BA83F45 /* iInteractWatchTests */ = {
			isa = PBXNativeTarget;
			buildConfigurationList = 83C753D824977B6705706E0B /* Build configuration list for PBXNativeTarget "iInteractWatchTests" */;
			buildPhases = (
				54C5C4EE6F94EABE183CA854 /* Sources */,
				B33D930B5027DB764874B5AC /* Frameworks */,
				13F687F46A96BD18B1E7C466 /* Resources */,
			);
			buildRules = (
			);
			dependencies = (
			);
			name = iInteractWatchTests;
			productName = iInteractWatchTests;
			productReference = 3A9BE4FB80B5FFA7D3610682 /* iInteractWatchTests.xctest */;
			productType = "com.apple.product-type.bundle.unit-test";
		};
		6D0D7D6E1BFBE3C1002B9090 /* iInteract */ = {
			isa = PBXNativeTarget;
			buildConfigurationList = 6D0D7D8C1BFBE3C1002B9090 /* Build configuration list for PBXNativeTarget "iInteract" */;
			buildPhases = (
				6D0D7D6B1BFBE3C1002B9090 /* Sources */,
				6D0D7D6C1BFBE3C1002B9090 /* Frameworks */,
				6D0D7D6D1BFBE3C1002B9090 /* Resources */,
				6DDF8E0F1C1207B100A156E5 /* Embed Watch Content */,
			);
			buildRules = (
			);
			dependencies = (
				6DDF8E061C1207B100A156E5 /* PBXTargetDependency */,
			);
			name = iInteract;
			productName = iInteract;
			productReference = 6D0D7D6F1BFBE3C1002B9090 /* iInteract.app */;
			productType = "com.apple.product-type.application";
		};
		6D0D7D821BFBE3C1002B9090 /* iInteractTests */ = {
			isa = PBXNativeTarget;
			buildConfigurationList = 6D0D7D8F1BFBE3C1002B9090 /* Build configuration list for PBXNativeTarget "iInteractTests" */;
			buildPhases = (
				6D0D7D7F1BFBE3C1002B9090 /* Sources */,
				6D0D7D801BFBE3C1002B9090 /* Frameworks */,
				6D0D7D811BFBE3C1002B9090 /* Resources */,
			);
			buildRules = (
			);
			dependencies = (
				6D0D7D851BFBE3C1002B9090 /* PBXTargetDependency */,
			);
			name = iInteractTests;
			productName = iInteractTests;
			productReference = 6D0D7D831BFBE3C1002B9090 /* iInteractTests.xctest */;
			productType = "com.apple.product-type.bundle.unit-test";
		};
		6DDF8DE41C1207B100A156E5 /* iInteractWatch */ = {
			isa = PBXNativeTarget;
			buildConfigurationList = 6DDF8E0E1C1207B100A156E5 /* Build configuration list for PBXNativeTarget "iInteractWatch" */;
			buildPhases = (
				6DDF8DE31C1207B100A156E5 /* Resources */,
				6DDF8DED1C1207B100A156E5 /* Sources */,
				6DDF8DEE1C1207B100A156E5 /* Frameworks */,
			);
			buildRules = (
			);
			dependencies = (
			);
			name = iInteractWatch;
			productName = iInteractWatch;
			productReference = 6DDF8DE51C1207B100A156E5 /* iInteractWatch.app */;
			productType = "com.apple.product-type.application";
		};
		7D293D5F2B9DF5C421F1FC20 /* iInteractUITests */ = {
			isa = PBXNativeTarget;
			buildConfigurationList = 086FB013C1A360D429CC55DC /* Build configuration list for PBXNativeTarget "iInteractUITests" */;
			buildPhases = (
				1C679EBF29FE08D066A21F1E /* Sources */,
				40A48282456D12F9C3ED602F /* Frameworks */,
				C24BB05BD42B715DD46C8841 /* Resources */,
			);
			buildRules = (
			);
			dependencies = (
				058C426A30E67A54D6D36F01 /* PBXTargetDependency */,
			);
			name = iInteractUITests;
			productName = iInteractUITests;
			productReference = 2DD3B51CACC0DBA9B48C8A8C /* iInteractUITests.xctest */;
			productType = "com.apple.product-type.bundle.ui-testing";
		};
/* End PBXNativeTarget section */

/* Begin PBXProject section */
		6D0D7D671BFBE3C1002B9090 /* Project object */ = {
			isa = PBXProject;
			attributes = {
				BuildIndependentTargetsInParallel = YES;
				LastSwiftUpdateCheck = 0710;
				LastUpgradeCheck = 2640;
				ORGANIZATIONNAME = "James A Zucker";
				TargetAttributes = {
					6D0D7D6E1BFBE3C1002B9090 = {
						CreatedOnToolsVersion = 7.1.1;
						DevelopmentTeam = 583XUQ99J6;
						LastSwiftMigration = 1200;
						ProvisioningStyle = Automatic;
					};
					6D0D7D821BFBE3C1002B9090 = {
						CreatedOnToolsVersion = 7.1.1;
						DevelopmentTeam = 583XUQ99J6;
						LastSwiftMigration = 1200;
						TestTargetID = 6D0D7D6E1BFBE3C1002B9090;
					};
					6DDF8DE41C1207B100A156E5 = {
						CreatedOnToolsVersion = 7.1.1;
						DevelopmentTeam = 583XUQ99J6;
						LastSwiftMigration = 0800;
						ProvisioningStyle = Automatic;
					};
				};
			};
			buildConfigurationList = 6D0D7D6A1BFBE3C1002B9090 /* Build configuration list for PBXProject "iInteract" */;
			compatibilityVersion = "Xcode 13.0";
			developmentRegion = en;
			hasScannedForEncodings = 0;
			knownRegions = (
				en,
				Base,
			);
			mainGroup = 6D0D7D661BFBE3C1002B9090;
			productRefGroup = 6D0D7D701BFBE3C1002B9090 /* Products */;
			projectDirPath = "";
			projectRoot = "";
			targets = (
				6D0D7D6E1BFBE3C1002B9090 /* iInteract */,
				6D0D7D821BFBE3C1002B9090 /* iInteractTests */,
				6DDF8DE41C1207B100A156E5 /* iInteractWatch */,
				7D293D5F2B9DF5C421F1FC20 /* iInteractUITests */,
				25C0A469689383B99BA83F45 /* iInteractWatchTests */,
			);
		};
/* End PBXProject section */

/* Begin PBXResourcesBuildPhase section */
		13F687F46A96BD18B1E7C466 /* Resources */ = {
			isa = PBXResourcesBuildPhase;
			buildActionMask = 2147483647;
			files = (
			);
			runOnlyForDeploymentPostprocessing = 0;
		};
		6D0D7D6D1BFBE3C1002B9090 /* Resources */ = {
			isa = PBXResourcesBuildPhase;
			buildActionMask = 2147483647;
			files = (
				6D50AD801C08DD6C001174CA /* Settings.bundle in Resources */,
				6D8DD4311C162F9D009C7AFB /* panels.plist in Resources */,
				6D0D7D7D1BFBE3C1002B9090 /* LaunchScreen.storyboard in Resources */,
				6D0D7D7A1BFBE3C1002B9090 /* Assets.xcassets in Resources */,
				6D428DC51C093A3700ECC7D9 /* sounds in Resources */,
				6D0D7D781BFBE3C1002B9090 /* Main.storyboard in Resources */,
				6D8DD42A1C162CC6009C7AFB /* events.plist in Resources */,
			);
			runOnlyForDeploymentPostprocessing = 0;
		};
		6D0D7D811BFBE3C1002B9090 /* Resources */ = {
			isa = PBXResourcesBuildPhase;
			buildActionMask = 2147483647;
			files = (
			);
			runOnlyForDeploymentPostprocessing = 0;
		};
		6DDF8DE31C1207B100A156E5 /* Resources */ = {
			isa = PBXResourcesBuildPhase;
			buildActionMask = 2147483647;
			files = (
				6DDF8DEB1C1207B100A156E5 /* Assets.xcassets in Resources */,
				6DDF8E031C1207B100A156E5 /* Assets.xcassets in Resources */,
				6D8DD4321C162F9D009C7AFB /* panels.plist in Resources */,
				6D8DD4271C161B24009C7AFB /* Assets.xcassets in Resources */,
				6DDF8DE91C1207B100A156E5 /* Interface.storyboard in Resources */,
				6DDBF9D21C125E580094C150 /* events.plist in Resources */,
			);
			runOnlyForDeploymentPostprocessing = 0;
		};
		C24BB05BD42B715DD46C8841 /* Resources */ = {
			isa = PBXResourcesBuildPhase;
			buildActionMask = 2147483647;
			files = (
			);
			runOnlyForDeploymentPostprocessing = 0;
		};
/* End PBXResourcesBuildPhase section */

/* Begin PBXSourcesBuildPhase section */
		1C679EBF29FE08D066A21F1E /* Sources */ = {
			isa = PBXSourcesBuildPhase;
			buildActionMask = 2147483647;
			files = (
				FA69869249842A76B5EC8C54 /* iInteractUITests.swift in Sources */,
			);
			runOnlyForDeploymentPostprocessing = 0;
		};
		54C5C4EE6F94EABE183CA854 /* Sources */ = {
			isa = PBXSourcesBuildPhase;
			buildActionMask = 2147483647;
			files = (
				52301DD7FB854C8BFD1214C4 /* EventTests.swift in Sources */,
				A9BB4479780F6D2972579977 /* Event.swift in Sources */,
			);
			runOnlyForDeploymentPostprocessing = 0;
		};
		6D0D7D6B1BFBE3C1002B9090 /* Sources */ = {
			isa = PBXSourcesBuildPhase;
			buildActionMask = 2147483647;
			files = (
				6D0D7D9A1BFBEF53002B9090 /* Interaction.swift in Sources */,
				6D0D7D951BFBEE8B002B9090 /* FeelingTableViewController.swift in Sources */,
				6D0D7D971BFBEF46002B9090 /* Panel.swift in Sources */,
				6D0D7D731BFBE3C1002B9090 /* AppDelegate.swift in Sources */,
				6DDAB9201C093C690089FBF9 /* FeelingTableViewCell.swift in Sources */,
				6D428DC91C093B6400ECC7D9 /* PanelViewController.swift in Sources */,
				892736F9D0E524A51B25F438 /* ConfigurationMode.swift in Sources */,
				552288CB68696415D0F02249 /* PanelStore.swift in Sources */,
				AC476E8474E21D444F8D2219 /* PanelLoader.swift in Sources */,
				43F76A893A22B38EDED6E419 /* PanelListEditorViewController.swift in Sources */,
				1442F91FC1BA9FFD144C6C92 /* InteractionPlayer.swift in Sources */,
				88EB04F5EED703017E400BF7 /* CustomPanelViewController.swift in Sources */,
				E387399ECC7BBE8934F2C3BD /* PanelEditorViewController.swift in Sources */,
				5C9EA15278EC9EA8115DE8B4 /* InteractionEditorViewController.swift in Sources */,
				6CA3EF377D5137A01401F5E4 /* PINGateViewController.swift in Sources */,
				E73FBA0D861A3B54CA9F4BD4 /* WatchSync.swift in Sources */,
				E409F84B90774C306773919D /* TrashViewController.swift in Sources */,
				E366C6CA702E99AFB19C2E54 /* PINGate.swift in Sources */,
				EE4537F6E0A217A1FCC32146 /* AssetStore.swift in Sources */,
				931E861BDAC2582EB1F53663 /* PushQueue.swift in Sources */,
				9DDF76F1E4611F1E0EEFD47C /* CloudKitDatabase.swift in Sources */,
				DB88F1A4E16B06812FC73CE2 /* CloudKitRecordConversions.swift in Sources */,
				53D8A3939C85368B3CBB4765 /* CloudKitAssetStore.swift in Sources */,
				FACAC551C65BE9171D548CEC /* CloudKitPushDrainer.swift in Sources */,
				08D1A6BD4BC62C106EAD199A /* CloudKitPullCoordinator.swift in Sources */,
			);
			runOnlyForDeploymentPostprocessing = 0;
		};
		6D0D7D7F1BFBE3C1002B9090 /* Sources */ = {
			isa = PBXSourcesBuildPhase;
			buildActionMask = 2147483647;
			files = (
				6D0D7D881BFBE3C1002B9090 /* iInteractTests.swift in Sources */,
				A31BA1116ED59568679E500D /* PanelStoreTests.swift in Sources */,
				E8238E4F6B2868DAE2439170 /* PlaybackTests.swift in Sources */,
				0E56F87F7661E486CEDBEABF /* PINGateStateTests.swift in Sources */,
			);
			runOnlyForDeploymentPostprocessing = 0;
		};
		6DDF8DED1C1207B100A156E5 /* Sources */ = {
			isa = PBXSourcesBuildPhase;
			buildActionMask = 2147483647;
			files = (
				6DDF8DFB1C1207B100A156E5 /* ExtensionDelegate.swift in Sources */,
				6D3A77F81C174E5E0007ED22 /* InteractionInterfaceController.swift in Sources */,
				6D8DD43B1C165BD3009C7AFB /* PanelController.swift in Sources */,
				6D8DD4371C1644A1009C7AFB /* PanelRow.swift in Sources */,
				6DDF8DF91C1207B100A156E5 /* InterfaceController.swift in Sources */,
				6D8DD4341C164336009C7AFB /* Panel.swift in Sources */,
				6D8DD42C1C162E5C009C7AFB /* Interaction.swift in Sources */,
				6DDBF9CC1C125BC30094C150 /* Event.swift in Sources */,
			);
			runOnlyForDeploymentPostprocessing = 0;
		};
/* End PBXSourcesBuildPhase section */

/* Begin PBXTargetDependency section */
		058C426A30E67A54D6D36F01 /* PBXTargetDependency */ = {
			isa = PBXTargetDependency;
			name = iInteract;
			target = 6D0D7D6E1BFBE3C1002B9090 /* iInteract */;
			targetProxy = 4EF930242C41C7846969E3AD /* PBXContainerItemProxy */;
		};
		6D0D7D851BFBE3C1002B9090 /* PBXTargetDependency */ = {
			isa = PBXTargetDependency;
			target = 6D0D7D6E1BFBE3C1002B9090 /* iInteract */;
			targetProxy = 6D0D7D841BFBE3C1002B9090 /* PBXContainerItemProxy */;
		};
		6DDF8E061C1207B100A156E5 /* PBXTargetDependency */ = {
			isa = PBXTargetDependency;
			platformFilter = ios;
			target = 6DDF8DE41C1207B100A156E5 /* iInteractWatch */;
			targetProxy = 6DDF8E051C1207B100A156E5 /* PBXContainerItemProxy */;
		};
/* End PBXTargetDependency section */

/* Begin PBXVariantGroup section */
		6D0D7D761BFBE3C1002B9090 /* Main.storyboard */ = {
			isa = PBXVariantGroup;
			children = (
				6D0D7D771BFBE3C1002B9090 /* Base */,
			);
			name = Main.storyboard;
			sourceTree = "<group>";
		};
		6D0D7D7B1BFBE3C1002B9090 /* LaunchScreen.storyboard */ = {
			isa = PBXVariantGroup;
			children = (
				6D0D7D7C1BFBE3C1002B9090 /* Base */,
			);
			name = LaunchScreen.storyboard;
			sourceTree = "<group>";
		};
		6DDF8DE71C1207B100A156E5 /* Interface.storyboard */ = {
			isa = PBXVariantGroup;
			children = (
				6DDF8DE81C1207B100A156E5 /* Base */,
			);
			name = Interface.storyboard;
			sourceTree = "<group>";
		};
/* End PBXVariantGroup section */

/* Begin XCBuildConfiguration section */
		343A4B6647044D2649A0686D /* Debug */ = {
			isa = XCBuildConfiguration;
			buildSettings = {
				ALWAYS_EMBED_SWIFT_STANDARD_LIBRARIES = NO;
				INFOPLIST_FILE = iInteractWatchTests/Info.plist;
				LD_RUNPATH_SEARCH_PATHS = (
					"$(inherited)",
					"@executable_path/Frameworks",
					"@loader_path/Frameworks",
				);
				PRODUCT_BUNDLE_IDENTIFIER = com.ijaz.iInteractWatchTests;
				PRODUCT_NAME = "$(TARGET_NAME)";
				SDKROOT = watchos;
				SUPPORTED_PLATFORMS = "watchsimulator watchos";
				SWIFT_VERSION = 5.0;
				TARGETED_DEVICE_FAMILY = 4;
				WATCHOS_DEPLOYMENT_TARGET = 11.4;
			};
			name = Debug;
		};
		56A498D75329F8B7F7E77D0F /* Debug */ = {
			isa = XCBuildConfiguration;
			buildSettings = {
				CLANG_ENABLE_OBJC_WEAK = NO;
				CODE_SIGN_STYLE = Automatic;
				DEVELOPMENT_TEAM = 583XUQ99J6;
				GENERATE_INFOPLIST_FILE = YES;
				IPHONEOS_DEPLOYMENT_TARGET = 15.0;
				LD_RUNPATH_SEARCH_PATHS = (
					"$(inherited)",
					"@executable_path/Frameworks",
					"@loader_path/Frameworks",
				);
				PRODUCT_BUNDLE_IDENTIFIER = com.zucker.iInteract.UITests;
				PRODUCT_NAME = "$(TARGET_NAME)";
				SDKROOT = iphoneos;
				SUPPORTED_PLATFORMS = "iphoneos iphonesimulator";
				SWIFT_VERSION = 5.0;
				TARGETED_DEVICE_FAMILY = "1,2";
				TEST_TARGET_NAME = iInteract;
			};
			name = Debug;
		};
		5E0CD5A228F971A2F2E5CC71 /* Release */ = {
			isa = XCBuildConfiguration;
			buildSettings = {
				CLANG_ENABLE_OBJC_WEAK = NO;
				CODE_SIGN_STYLE = Automatic;
				DEVELOPMENT_TEAM = 583XUQ99J6;
				GENERATE_INFOPLIST_FILE = YES;
				IPHONEOS_DEPLOYMENT_TARGET = 15.0;
				LD_RUNPATH_SEARCH_PATHS = (
					"$(inherited)",
					"@executable_path/Frameworks",
					"@loader_path/Frameworks",
				);
				PRODUCT_BUNDLE_IDENTIFIER = com.zucker.iInteract.UITests;
				PRODUCT_NAME = "$(TARGET_NAME)";
				SDKROOT = iphoneos;
				SUPPORTED_PLATFORMS = "iphoneos iphonesimulator";
				SWIFT_VERSION = 5.0;
				TARGETED_DEVICE_FAMILY = "1,2";
				TEST_TARGET_NAME = iInteract;
				VALIDATE_PRODUCT = YES;
			};
			name = Release;
		};
		6D0D7D8A1BFBE3C1002B9090 /* Debug */ = {
			isa = XCBuildConfiguration;
			buildSettings = {
				ALWAYS_SEARCH_USER_PATHS = NO;
				ASSETCATALOG_COMPILER_GENERATE_SWIFT_ASSET_SYMBOL_EXTENSIONS = YES;
				CLANG_ANALYZER_LOCALIZABILITY_NONLOCALIZED = YES;
				CLANG_CXX_LANGUAGE_STANDARD = "gnu++0x";
				CLANG_CXX_LIBRARY = "libc++";
				CLANG_ENABLE_MODULES = YES;
				CLANG_ENABLE_OBJC_ARC = YES;
				CLANG_WARN_BLOCK_CAPTURE_AUTORELEASING = YES;
				CLANG_WARN_BOOL_CONVERSION = YES;
				CLANG_WARN_COMMA = YES;
				CLANG_WARN_CONSTANT_CONVERSION = YES;
				CLANG_WARN_DEPRECATED_OBJC_IMPLEMENTATIONS = YES;
				CLANG_WARN_DIRECT_OBJC_ISA_USAGE = YES_ERROR;
				CLANG_WARN_EMPTY_BODY = YES;
				CLANG_WARN_ENUM_CONVERSION = YES;
				CLANG_WARN_INFINITE_RECURSION = YES;
				CLANG_WARN_INT_CONVERSION = YES;
				CLANG_WARN_NON_LITERAL_NULL_CONVERSION = YES;
				CLANG_WARN_OBJC_IMPLICIT_RETAIN_SELF = YES;
				CLANG_WARN_OBJC_LITERAL_CONVERSION = YES;
				CLANG_WARN_OBJC_ROOT_CLASS = YES_ERROR;
				CLANG_WARN_QUOTED_INCLUDE_IN_FRAMEWORK_HEADER = YES;
				CLANG_WARN_RANGE_LOOP_ANALYSIS = YES;
				CLANG_WARN_STRICT_PROTOTYPES = YES;
				CLANG_WARN_SUSPICIOUS_MOVE = YES;
				CLANG_WARN_UNREACHABLE_CODE = YES;
				CLANG_WARN__DUPLICATE_METHOD_MATCH = YES;
				"CODE_SIGN_IDENTITY[sdk=iphoneos*]" = "iPhone Developer";
				COPY_PHASE_STRIP = NO;
				DEBUG_INFORMATION_FORMAT = dwarf;
				ENABLE_STRICT_OBJC_MSGSEND = YES;
				ENABLE_TESTABILITY = YES;
				ENABLE_USER_SCRIPT_SANDBOXING = YES;
				GCC_C_LANGUAGE_STANDARD = gnu99;
				GCC_DYNAMIC_NO_PIC = NO;
				GCC_NO_COMMON_BLOCKS = YES;
				GCC_OPTIMIZATION_LEVEL = 0;
				GCC_PREPROCESSOR_DEFINITIONS = (
					"DEBUG=1",
					"$(inherited)",
				);
				GCC_WARN_64_TO_32_BIT_CONVERSION = YES;
				GCC_WARN_ABOUT_RETURN_TYPE = YES_ERROR;
				GCC_WARN_UNDECLARED_SELECTOR = YES;
				GCC_WARN_UNINITIALIZED_AUTOS = YES_AGGRESSIVE;
				GCC_WARN_UNUSED_FUNCTION = YES;
				GCC_WARN_UNUSED_VARIABLE = YES;
				IPHONEOS_DEPLOYMENT_TARGET = 15.0;
				MTL_ENABLE_DEBUG_INFO = YES;
				ONLY_ACTIVE_ARCH = YES;
				SDKROOT = iphoneos;
				STRING_CATALOG_GENERATE_SYMBOLS = YES;
				SWIFT_OPTIMIZATION_LEVEL = "-Onone";
				SWIFT_VERSION = 5.0;
				TARGETED_DEVICE_FAMILY = "1,2";
				WATCHOS_DEPLOYMENT_TARGET = 11.4;
			};
			name = Debug;
		};
		6D0D7D8B1BFBE3C1002B9090 /* Release */ = {
			isa = XCBuildConfiguration;
			buildSettings = {
				ALWAYS_SEARCH_USER_PATHS = NO;
				ASSETCATALOG_COMPILER_GENERATE_SWIFT_ASSET_SYMBOL_EXTENSIONS = YES;
				CLANG_ANALYZER_LOCALIZABILITY_NONLOCALIZED = YES;
				CLANG_CXX_LANGUAGE_STANDARD = "gnu++0x";
				CLANG_CXX_LIBRARY = "libc++";
				CLANG_ENABLE_MODULES = YES;
				CLANG_ENABLE_OBJC_ARC = YES;
				CLANG_WARN_BLOCK_CAPTURE_AUTORELEASING = YES;
				CLANG_WARN_BOOL_CONVERSION = YES;
				CLANG_WARN_COMMA = YES;
				CLANG_WARN_CONSTANT_CONVERSION = YES;
				CLANG_WARN_DEPRECATED_OBJC_IMPLEMENTATIONS = YES;
				CLANG_WARN_DIRECT_OBJC_ISA_USAGE = YES_ERROR;
				CLANG_WARN_EMPTY_BODY = YES;
				CLANG_WARN_ENUM_CONVERSION = YES;
				CLANG_WARN_INFINITE_RECURSION = YES;
				CLANG_WARN_INT_CONVERSION = YES;
				CLANG_WARN_NON_LITERAL_NULL_CONVERSION = YES;
				CLANG_WARN_OBJC_IMPLICIT_RETAIN_SELF = YES;
				CLANG_WARN_OBJC_LITERAL_CONVERSION = YES;
				CLANG_WARN_OBJC_ROOT_CLASS = YES_ERROR;
				CLANG_WARN_QUOTED_INCLUDE_IN_FRAMEWORK_HEADER = YES;
				CLANG_WARN_RANGE_LOOP_ANALYSIS = YES;
				CLANG_WARN_STRICT_PROTOTYPES = YES;
				CLANG_WARN_SUSPICIOUS_MOVE = YES;
				CLANG_WARN_UNREACHABLE_CODE = YES;
				CLANG_WARN__DUPLICATE_METHOD_MATCH = YES;
				"CODE_SIGN_IDENTITY[sdk=iphoneos*]" = "iPhone Developer";
				COPY_PHASE_STRIP = NO;
				DEBUG_INFORMATION_FORMAT = "dwarf-with-dsym";
				ENABLE_NS_ASSERTIONS = NO;
				ENABLE_STRICT_OBJC_MSGSEND = YES;
				ENABLE_USER_SCRIPT_SANDBOXING = YES;
				GCC_C_LANGUAGE_STANDARD = gnu99;
				GCC_NO_COMMON_BLOCKS = YES;
				GCC_WARN_64_TO_32_BIT_CONVERSION = YES;
				GCC_WARN_ABOUT_RETURN_TYPE = YES_ERROR;
				GCC_WARN_UNDECLARED_SELECTOR = YES;
				GCC_WARN_UNINITIALIZED_AUTOS = YES_AGGRESSIVE;
				GCC_WARN_UNUSED_FUNCTION = YES;
				GCC_WARN_UNUSED_VARIABLE = YES;
				IPHONEOS_DEPLOYMENT_TARGET = 15.0;
				MTL_ENABLE_DEBUG_INFO = NO;
				SDKROOT = iphoneos;
				STRING_CATALOG_GENERATE_SYMBOLS = YES;
				SWIFT_COMPILATION_MODE = wholemodule;
				SWIFT_OPTIMIZATION_LEVEL = "-O";
				SWIFT_VERSION = 5.0;
				TARGETED_DEVICE_FAMILY = "1,2";
				VALIDATE_PRODUCT = YES;
				WATCHOS_DEPLOYMENT_TARGET = 11.4;
			};
			name = Release;
		};
		6D0D7D8D1BFBE3C1002B9090 /* Debug */ = {
			isa = XCBuildConfiguration;
			buildSettings = {
				ASSETCATALOG_COMPILER_APPICON_NAME = AppIcon;
				CODE_SIGN_ENTITLEMENTS = iInteract/iInteract.entitlements;
				CODE_SIGN_IDENTITY = "Apple Development";
				CODE_SIGN_STYLE = Automatic;
				CURRENT_PROJECT_VERSION = 2;
				DEVELOPMENT_TEAM = 583XUQ99J6;
				INFOPLIST_FILE = iInteract/Info.plist;
				IPHONEOS_DEPLOYMENT_TARGET = 15.0;
				"IPHONEOS_DEPLOYMENT_TARGET[sdk=macosx*]" = 15.0;
				LD_RUNPATH_SEARCH_PATHS = (
					"$(inherited)",
					"@executable_path/Frameworks",
				);
				MARKETING_VERSION = 3.0.0;
				PRODUCT_BUNDLE_IDENTIFIER = com.ijaz.iInteract;
				PRODUCT_NAME = "$(TARGET_NAME)";
				PROVISIONING_PROFILE_SPECIFIER = "";
				SUPPORTS_MACCATALYST = YES;
				SWIFT_SWIFT3_OBJC_INFERENCE = Default;
				SWIFT_VERSION = 5.0;
				TARGETED_DEVICE_FAMILY = "1,2";
			};
			name = Debug;
		};
		6D0D7D8E1BFBE3C1002B9090 /* Release */ = {
			isa = XCBuildConfiguration;
			buildSettings = {
				ASSETCATALOG_COMPILER_APPICON_NAME = AppIcon;
				CODE_SIGN_ENTITLEMENTS = iInteract/iInteract.entitlements;
				CODE_SIGN_IDENTITY = "Apple Development";
				CODE_SIGN_STYLE = Automatic;
				CURRENT_PROJECT_VERSION = 2;
				DEVELOPMENT_TEAM = 583XUQ99J6;
				INFOPLIST_FILE = iInteract/Info.plist;
				IPHONEOS_DEPLOYMENT_TARGET = 15.0;
				"IPHONEOS_DEPLOYMENT_TARGET[sdk=macosx*]" = 15.0;
				LD_RUNPATH_SEARCH_PATHS = (
					"$(inherited)",
					"@executable_path/Frameworks",
				);
				MARKETING_VERSION = 3.0.0;
				PRODUCT_BUNDLE_IDENTIFIER = com.ijaz.iInteract;
				PRODUCT_NAME = "$(TARGET_NAME)";
				PROVISIONING_PROFILE_SPECIFIER = "";
				SUPPORTS_MACCATALYST = YES;
				SWIFT_SWIFT3_OBJC_INFERENCE = Default;
				SWIFT_VERSION = 5.0;
				TARGETED_DEVICE_FAMILY = "1,2";
			};
			name = Release;
		};
		6D0D7D901BFBE3C1002B9090 /* Debug */ = {
			isa = XCBuildConfiguration;
			buildSettings = {
				BUNDLE_LOADER = "$(TEST_HOST)";
				"CODE_SIGN_IDENTITY[sdk=macosx*]" = "Apple Development";
				DEVELOPMENT_TEAM = 583XUQ99J6;
				INFOPLIST_FILE = iInteractTests/Info.plist;
				LD_RUNPATH_SEARCH_PATHS = (
					"$(inherited)",
					"@executable_path/Frameworks",
					"@loader_path/Frameworks",
				);
				PRODUCT_BUNDLE_IDENTIFIER = com.ijaz.iInteractTests;
				PRODUCT_NAME = "$(TARGET_NAME)";
				SWIFT_SWIFT3_OBJC_INFERENCE = Default;
				SWIFT_VERSION = 5.0;
				TEST_HOST = "$(BUILT_PRODUCTS_DIR)/iInteract.app/iInteract";
			};
			name = Debug;
		};
		6D0D7D911BFBE3C1002B9090 /* Release */ = {
			isa = XCBuildConfiguration;
			buildSettings = {
				BUNDLE_LOADER = "$(TEST_HOST)";
				"CODE_SIGN_IDENTITY[sdk=macosx*]" = "Apple Development";
				DEVELOPMENT_TEAM = 583XUQ99J6;
				INFOPLIST_FILE = iInteractTests/Info.plist;
				LD_RUNPATH_SEARCH_PATHS = (
					"$(inherited)",
					"@executable_path/Frameworks",
					"@loader_path/Frameworks",
				);
				PRODUCT_BUNDLE_IDENTIFIER = com.ijaz.iInteractTests;
				PRODUCT_NAME = "$(TARGET_NAME)";
				SWIFT_SWIFT3_OBJC_INFERENCE = Default;
				SWIFT_VERSION = 5.0;
				TEST_HOST = "$(BUILT_PRODUCTS_DIR)/iInteract.app/iInteract";
			};
			name = Release;
		};
		6DDF8E081C1207B100A156E5 /* Debug */ = {
			isa = XCBuildConfiguration;
			buildSettings = {
				ASSETCATALOG_COMPILER_APPICON_NAME = AppIcon;
				CODE_SIGN_IDENTITY = "Apple Development";
				CODE_SIGN_STYLE = Automatic;
				CURRENT_PROJECT_VERSION = 2;
				DEVELOPMENT_TEAM = 583XUQ99J6;
				INFOPLIST_FILE = iInteractWatch/Info.plist;
				LD_RUNPATH_SEARCH_PATHS = (
					"@executable_path/Frameworks",
					"@executable_path/../../Frameworks",
				);
				MARKETING_VERSION = 3.0.0;
				PRODUCT_BUNDLE_IDENTIFIER = com.ijaz.iInteract.watchkitapp;
				PRODUCT_NAME = "$(TARGET_NAME)";
				PROVISIONING_PROFILE_SPECIFIER = "";
				SDKROOT = watchos;
				SKIP_INSTALL = YES;
				SWIFT_VERSION = 5.0;
				TARGETED_DEVICE_FAMILY = 4;
				WATCHOS_DEPLOYMENT_TARGET = 11.4;
			};
			name = Debug;
		};
		6DDF8E091C1207B100A156E5 /* Release */ = {
			isa = XCBuildConfiguration;
			buildSettings = {
				ASSETCATALOG_COMPILER_APPICON_NAME = AppIcon;
				CODE_SIGN_IDENTITY = "Apple Development";
				CODE_SIGN_STYLE = Automatic;
				CURRENT_PROJECT_VERSION = 2;
				DEVELOPMENT_TEAM = 583XUQ99J6;
				INFOPLIST_FILE = iInteractWatch/Info.plist;
				LD_RUNPATH_SEARCH_PATHS = (
					"@executable_path/Frameworks",
					"@executable_path/../../Frameworks",
				);
				MARKETING_VERSION = 3.0.0;
				PRODUCT_BUNDLE_IDENTIFIER = com.ijaz.iInteract.watchkitapp;
				PRODUCT_NAME = "$(TARGET_NAME)";
				PROVISIONING_PROFILE_SPECIFIER = "";
				SDKROOT = watchos;
				SKIP_INSTALL = YES;
				SWIFT_VERSION = 5.0;
				TARGETED_DEVICE_FAMILY = 4;
				WATCHOS_DEPLOYMENT_TARGET = 11.4;
			};
			name = Release;
		};
		CEEBBAB146633EA0640DA885 /* Release */ = {
			isa = XCBuildConfiguration;
			buildSettings = {
				ALWAYS_EMBED_SWIFT_STANDARD_LIBRARIES = NO;
				INFOPLIST_FILE = iInteractWatchTests/Info.plist;
				LD_RUNPATH_SEARCH_PATHS = (
					"$(inherited)",
					"@executable_path/Frameworks",
					"@loader_path/Frameworks",
				);
				PRODUCT_BUNDLE_IDENTIFIER = com.ijaz.iInteractWatchTests;
				PRODUCT_NAME = "$(TARGET_NAME)";
				SDKROOT = watchos;
				SUPPORTED_PLATFORMS = "watchsimulator watchos";
				SWIFT_VERSION = 5.0;
				TARGETED_DEVICE_FAMILY = 4;
				VALIDATE_PRODUCT = YES;
				WATCHOS_DEPLOYMENT_TARGET = 11.4;
			};
			name = Release;
		};
/* End XCBuildConfiguration section */

/* Begin XCConfigurationList section */
		086FB013C1A360D429CC55DC /* Build configuration list for PBXNativeTarget "iInteractUITests" */ = {
			isa = XCConfigurationList;
			buildConfigurations = (
				5E0CD5A228F971A2F2E5CC71 /* Release */,
				56A498D75329F8B7F7E77D0F /* Debug */,
			);
			defaultConfigurationIsVisible = 0;
			defaultConfigurationName = Release;
		};
		6D0D7D6A1BFBE3C1002B9090 /* Build configuration list for PBXProject "iInteract" */ = {
			isa = XCConfigurationList;
			buildConfigurations = (
				6D0D7D8A1BFBE3C1002B9090 /* Debug */,
				6D0D7D8B1BFBE3C1002B9090 /* Release */,
			);
			defaultConfigurationIsVisible = 0;
			defaultConfigurationName = Release;
		};
		6D0D7D8C1BFBE3C1002B9090 /* Build configuration list for PBXNativeTarget "iInteract" */ = {
			isa = XCConfigurationList;
			buildConfigurations = (
				6D0D7D8D1BFBE3C1002B9090 /* Debug */,
				6D0D7D8E1BFBE3C1002B9090 /* Release */,
			);
			defaultConfigurationIsVisible = 0;
			defaultConfigurationName = Release;
		};
		6D0D7D8F1BFBE3C1002B9090 /* Build configuration list for PBXNativeTarget "iInteractTests" */ = {
			isa = XCConfigurationList;
			buildConfigurations = (
				6D0D7D901BFBE3C1002B9090 /* Debug */,
				6D0D7D911BFBE3C1002B9090 /* Release */,
			);
			defaultConfigurationIsVisible = 0;
			defaultConfigurationName = Release;
		};
		6DDF8E0E1C1207B100A156E5 /* Build configuration list for PBXNativeTarget "iInteractWatch" */ = {
			isa = XCConfigurationList;
			buildConfigurations = (
				6DDF8E081C1207B100A156E5 /* Debug */,
				6DDF8E091C1207B100A156E5 /* Release */,
			);
			defaultConfigurationIsVisible = 0;
			defaultConfigurationName = Release;
		};
		83C753D824977B6705706E0B /* Build configuration list for PBXNativeTarget "iInteractWatchTests" */ = {
			isa = XCConfigurationList;
			buildConfigurations = (
				CEEBBAB146633EA0640DA885 /* Release */,
				343A4B6647044D2649A0686D /* Debug */,
			);
			defaultConfigurationIsVisible = 0;
			defaultConfigurationName = Release;
		};
/* End XCConfigurationList section */
	};
	rootObject = 6D0D7D671BFBE3C1002B9090 /* Project object */;
}
